// !$*UTF8*$!
{
	archiveVersion = 1;
	classes = {
	};
	objectVersion = 77;
	objects = {

/* Begin PBXBuildFile section */
		6839EA3130386BAC006E2AD4 /* CatLedgerApp.swift in Sources */ = {isa = PBXBuildFile; fileRef = 6839EA2E30386BAC006E2AD4 /* CatLedgerApp.swift */; };
		6839EA3230386BAC006E2AD4 /* ContentView.swift in Sources */ = {isa = PBXBuildFile; fileRef = 6839EA2F30386BAC006E2AD4 /* ContentView.swift */; };
		6839EA3330386BAC006E2AD4 /* Assets.xcassets in Resources */ = {isa = PBXBuildFile; fileRef = 6839EA2D30386BAC006E2AD4 /* Assets.xcassets */; };
		6839EA3630386BCE006E2AD4 /* Version.xcconfig in Resources */ = {isa = PBXBuildFile; fileRef = 6839EA3530386BCE006E2AD4 /* Version.xcconfig */; };
		6839EA3B3038734E006E2AD4 /* Institution.swift in Sources */ = {isa = PBXBuildFile; fileRef = 6839EA3A3038734E006E2AD4 /* Institution.swift */; };
		6839EA3D30387358006E2AD4 /* InstitutionCategory.swift in Sources */ = {isa = PBXBuildFile; fileRef = 6839EA3C30387358006E2AD4 /* InstitutionCategory.swift */; };
		6839EA41303874A2006E2AD4 /* Localizable.xcstrings in Resources */ = {isa = PBXBuildFile; fileRef = 6839EA40303874A2006E2AD4 /* Localizable.xcstrings */; };
		6839EA4530387567006E2AD4 /* InstitutionCategory+Display.swift in Sources */ = {isa = PBXBuildFile; fileRef = 6839EA4430387567006E2AD4 /* InstitutionCategory+Display.swift */; };
		6839EA473038790C006E2AD4 /* InstitutionError.swift in Sources */ = {isa = PBXBuildFile; fileRef = 6839EA463038790C006E2AD4 /* InstitutionError.swift */; };
		6839EA4930387918006E2AD4 /* InstitutionProviding.swift in Sources */ = {isa = PBXBuildFile; fileRef = 6839EA4830387918006E2AD4 /* InstitutionProviding.swift */; };
		6839EA4B30387A74006E2AD4 /* AddInstitutionInput.swift in Sources */ = {isa = PBXBuildFile; fileRef = 6839EA4A30387A74006E2AD4 /* AddInstitutionInput.swift */; };
		6839EA4D30387A7F006E2AD4 /* UpdateInstitutionInput.swift in Sources */ = {isa = PBXBuildFile; fileRef = 6839EA4C30387A7F006E2AD4 /* UpdateInstitutionInput.swift */; };
		6839EA5130387BE5006E2AD4 /* Account.swift in Sources */ = {isa = PBXBuildFile; fileRef = 6839EA5030387BE5006E2AD4 /* Account.swift */; };
		6839EA5330387BEF006E2AD4 /* AccountCategory.swift in Sources */ = {isa = PBXBuildFile; fileRef = 6839EA5230387BEF006E2AD4 /* AccountCategory.swift */; };
		6839EA5530387BFA006E2AD4 /* AccountFilter.swift in Sources */ = {isa = PBXBuildFile; fileRef = 6839EA5430387BFA006E2AD4 /* AccountFilter.swift */; };
		6839EA5730387C05006E2AD4 /* AccountDisplayItem.swift in Sources */ = {isa = PBXBuildFile; fileRef = 6839EA5630387C05006E2AD4 /* AccountDisplayItem.swift */; };
		6839EA5930387C10006E2AD4 /* AccountError.swift in Sources */ = {isa = PBXBuildFile; fileRef = 6839EA5830387C10006E2AD4 /* AccountError.swift */; };
		6839EA5B30387C19006E2AD4 /* AccountProviding.swift in Sources */ = {isa = PBXBuildFile; fileRef = 6839EA5A30387C19006E2AD4 /* AccountProviding.swift */; };
		6839EA5D30387C22006E2AD4 /* AccountRecencySorter.swift in Sources */ = {isa = PBXBuildFile; fileRef = 6839EA5C30387C22006E2AD4 /* AccountRecencySorter.swift */; };
		6839EA5F30387C34006E2AD4 /* UpdateAccountInput.swift in Sources */ = {isa = PBXBuildFile; fileRef = 6839EA5E30387C34006E2AD4 /* UpdateAccountInput.swift */; };
		6839EA6130387C4F006E2AD4 /* AccountCategory+Display.swift in Sources */ = {isa = PBXBuildFile; fileRef = 6839EA6030387C4F006E2AD4 /* AccountCategory+Display.swift */; };
		6839EA653038888C006E2AD4 /* Transaction.swift in Sources */ = {isa = PBXBuildFile; fileRef = 6839EA643038888C006E2AD4 /* Transaction.swift */; };
		6839EA6730388895006E2AD4 /* TransactionCategory.swift in Sources */ = {isa = PBXBuildFile; fileRef = 6839EA6630388895006E2AD4 /* TransactionCategory.swift */; };
		6839EA693038889F006E2AD4 /* TransactionSplit.swift in Sources */ = {isa = PBXBuildFile; fileRef = 6839EA683038889F006E2AD4 /* TransactionSplit.swift */; };
		6839EA6B303888B5006E2AD4 /* TransactionError.swift in Sources */ = {isa = PBXBuildFile; fileRef = 6839EA6A303888B5006E2AD4 /* TransactionError.swift */; };
		6839EA6D303888C1006E2AD4 /* Transaction+Effective.swift in Sources */ = {isa = PBXBuildFile; fileRef = 6839EA6C303888C1006E2AD4 /* Transaction+Effective.swift */; };
		6839EA6F303888CD006E2AD4 /* TransactionProviding.swift in Sources */ = {isa = PBXBuildFile; fileRef = 6839EA6E303888CD006E2AD4 /* TransactionProviding.swift */; };
		6839EA7130388B90006E2AD4 /* TransactionCategory+Display.swift in Sources */ = {isa = PBXBuildFile; fileRef = 6839EA7030388B90006E2AD4 /* TransactionCategory+Display.swift */; };
		6839EA7530388ED6006E2AD4 /* AuthSession.swift in Sources */ = {isa = PBXBuildFile; fileRef = 6839EA7430388ED6006E2AD4 /* AuthSession.swift */; };
		6839EA7730388EE0006E2AD4 /* AuthError.swift in Sources */ = {isa = PBXBuildFile; fileRef = 6839EA7630388EE0006E2AD4 /* AuthError.swift */; };
		6839EA7930388EE8006E2AD4 /* AuthProviding.swift in Sources */ = {isa = PBXBuildFile; fileRef = 6839EA7830388EE8006E2AD4 /* AuthProviding.swift */; };
		6839EA7D3038909F006E2AD4 /* Profile.swift in Sources */ = {isa = PBXBuildFile; fileRef = 6839EA7C3038909F006E2AD4 /* Profile.swift */; };
		6839EA7F303890A9006E2AD4 /* ProfileError.swift in Sources */ = {isa = PBXBuildFile; fileRef = 6839EA7E303890A9006E2AD4 /* ProfileError.swift */; };
		6839EA81303890B1006E2AD4 /* UpdateProfileInput.swift in Sources */ = {isa = PBXBuildFile; fileRef = 6839EA80303890B1006E2AD4 /* UpdateProfileInput.swift */; };
		6839EA83303890B8006E2AD4 /* ProfileProviding.swift in Sources */ = {isa = PBXBuildFile; fileRef = 6839EA82303890B8006E2AD4 /* ProfileProviding.swift */; };
		6839EA86303892BB006E2AD4 /* Transfer.swift in Sources */ = {isa = PBXBuildFile; fileRef = 6839EA85303892BB006E2AD4 /* Transfer.swift */; };
		6839EA88303892C4006E2AD4 /* TransferFormInput.swift in Sources */ = {isa = PBXBuildFile; fileRef = 6839EA87303892C4006E2AD4 /* TransferFormInput.swift */; };
		68558A4D303992AC00FE562D /* AccountDouble.swift in Sources */ = {isa = PBXBuildFile; fileRef = 68558A4C303992AC00FE562D /* AccountDouble.swift */; };
		68558A52303992D500FE562D /* GetAccountsTests.swift in Sources */ = {isa = PBXBuildFile; fileRef = 68558A51303992D500FE562D /* GetAccountsTests.swift */; };
		68558A54303992DE00FE562D /* AddAccountTests.swift in Sources */ = {isa = PBXBuildFile; fileRef = 68558A53303992DE00FE562D /* AddAccountTests.swift */; };
		68558A56303992EB00FE562D /* UpdateAccountTests.swift in Sources */ = {isa = PBXBuildFile; fileRef = 68558A55303992EB00FE562D /* UpdateAccountTests.swift */; };
		68558A58303992F700FE562D /* ArchiveAccountTests.swift in Sources */ = {isa = PBXBuildFile; fileRef = 68558A57303992F700FE562D /* ArchiveAccountTests.swift */; };
		68558A5A3039930700FE562D /* UnarchiveAccountTests.swift in Sources */ = {isa = PBXBuildFile; fileRef = 68558A593039930700FE562D /* UnarchiveAccountTests.swift */; };
		68558A5C3039931100FE562D /* DeleteAccountTests.swift in Sources */ = {isa = PBXBuildFile; fileRef = 68558A5B3039931100FE562D /* DeleteAccountTests.swift */; };
		68558A5E303994CE00FE562D /* GetAccountTests.swift in Sources */ = {isa = PBXBuildFile; fileRef = 68558A5D303994CE00FE562D /* GetAccountTests.swift */; };
		68558A603039F6A700FE562D /* AddTransactionInput.swift in Sources */ = {isa = PBXBuildFile; fileRef = 68558A5F3039F6A700FE562D /* AddTransactionInput.swift */; };
		68558A623039F6B100FE562D /* UpdateTransactionInput.swift in Sources */ = {isa = PBXBuildFile; fileRef = 68558A613039F6B100FE562D /* UpdateTransactionInput.swift */; };
		68558A653039F6C800FE562D /* GetTransaction.swift in Sources */ = {isa = PBXBuildFile; fileRef = 68558A643039F6C800FE562D /* GetTransaction.swift */; };
		68558A673039F6D100FE562D /* GetTransactions.swift in Sources */ = {isa = PBXBuildFile; fileRef = 68558A663039F6D100FE562D /* GetTransactions.swift */; };
		68558A693039F6D800FE562D /* GetTransactionsByAccount.swift in Sources */ = {isa = PBXBuildFile; fileRef = 68558A683039F6D800FE562D /* GetTransactionsByAccount.swift */; };
		68558A6B3039F6E000FE562D /* GetTransactionsByCategory.swift in Sources */ = {isa = PBXBuildFile; fileRef = 68558A6A3039F6E000FE562D /* GetTransactionsByCategory.swift */; };
		68558A6D3039F6E700FE562D /* GetTransactionsByDateRange.swift in Sources */ = {isa = PBXBuildFile; fileRef = 68558A6C3039F6E700FE562D /* GetTransactionsByDateRange.swift */; };
		68558A6F3039F6EF00FE562D /* AddTransaction.swift in Sources */ = {isa = PBXBuildFile; fileRef = 68558A6E3039F6EF00FE562D /* AddTransaction.swift */; };
		68558A713039F6F600FE562D /* UpdateTransaction.swift in Sources */ = {isa = PBXBuildFile; fileRef = 68558A703039F6F600FE562D /* UpdateTransaction.swift */; };
		68558A733039F6FC00FE562D /* DeleteTransaction.swift in Sources */ = {isa = PBXBuildFile; fileRef = 68558A723039F6FC00FE562D /* DeleteTransaction.swift */; };
		68558A763039FAD100FE562D /* TransactionDouble.swift in Sources */ = {isa = PBXBuildFile; fileRef = 68558A753039FAD100FE562D /* TransactionDouble.swift */; };
		68558A793039FAF000FE562D /* GetTransactionTests.swift in Sources */ = {isa = PBXBuildFile; fileRef = 68558A783039FAF000FE562D /* GetTransactionTests.swift */; };
		68558A7B3039FAFB00FE562D /* GetTransactionsTests.swift in Sources */ = {isa = PBXBuildFile; fileRef = 68558A7A3039FAFB00FE562D /* GetTransactionsTests.swift */; };
		68558A7D3039FB0600FE562D /* GetTransactionsByAccountTests.swift in Sources */ = {isa = PBXBuildFile; fileRef = 68558A7C3039FB0600FE562D /* GetTransactionsByAccountTests.swift */; };
		68558A7F3039FB1300FE562D /* GetTransactionsByDateRangeTests.swift in Sources */ = {isa = PBXBuildFile; fileRef = 68558A7E3039FB1300FE562D /* GetTransactionsByDateRangeTests.swift */; };
		68558A813039FB1F00FE562D /* AddTransactionTests.swift in Sources */ = {isa = PBXBuildFile; fileRef = 68558A803039FB1F00FE562D /* AddTransactionTests.swift */; };
		68558A833039FB2B00FE562D /* UpdateTransactionTests.swift in Sources */ = {isa = PBXBuildFile; fileRef = 68558A823039FB2B00FE562D /* UpdateTransactionTests.swift */; };
		68558A853039FB3700FE562D /* DeleteTransactionTests.swift in Sources */ = {isa = PBXBuildFile; fileRef = 68558A843039FB3700FE562D /* DeleteTransactionTests.swift */; };
		68558A873039FBF100FE562D /* GetTransactionsByCategoryTests.swift in Sources */ = {isa = PBXBuildFile; fileRef = 68558A863039FBF100FE562D /* GetTransactionsByCategoryTests.swift */; };
		68558A8A3039FD3000FE562D /* SignInWithEmail.swift in Sources */ = {isa = PBXBuildFile; fileRef = 68558A893039FD3000FE562D /* SignInWithEmail.swift */; };
		68558A8E3039FD4700FE562D /* SignInAnonymously.swift in Sources */ = {isa = PBXBuildFile; fileRef = 68558A8D3039FD4700FE562D /* SignInAnonymously.swift */; };
		68558A903039FD5600FE562D /* SignOut.swift in Sources */ = {isa = PBXBuildFile; fileRef = 68558A8F3039FD5600FE562D /* SignOut.swift */; };
		68558A963039FD7D00FE562D /* ResetPassword.swift in Sources */ = {isa = PBXBuildFile; fileRef = 68558A953039FD7D00FE562D /* ResetPassword.swift */; };
		68558A983039FD8E00FE562D /* ResolveSession.swift in Sources */ = {isa = PBXBuildFile; fileRef = 68558A973039FD8E00FE562D /* ResolveSession.swift */; };
		68558A9D3039FE5600FE562D /* AuthenticationDouble.swift in Sources */ = {isa = PBXBuildFile; fileRef = 68558A9C3039FE5600FE562D /* AuthenticationDouble.swift */; };
		68558AA63039FE9100FE562D /* SignOutTests.swift in Sources */ = {isa = PBXBuildFile; fileRef = 68558AA53039FE9100FE562D /* SignOutTests.swift */; };
		68558AA83039FE9D00FE562D /* ResetPasswordTests.swift in Sources */ = {isa = PBXBuildFile; fileRef = 68558AA73039FE9C00FE562D /* ResetPasswordTests.swift */; };
		68558AAA3039FEA800FE562D /* ResolveSessionTests.swift in Sources */ = {isa = PBXBuildFile; fileRef = 68558AA93039FEA800FE562D /* ResolveSessionTests.swift */; };
		68558AAC3039FEB400FE562D /* SignInAnonymouslyTests.swift in Sources */ = {isa = PBXBuildFile; fileRef = 68558AAB3039FEB400FE562D /* SignInAnonymouslyTests.swift */; };
		68558AB03039FECB00FE562D /* ExpireAnonymousSessionTests.swift in Sources */ = {isa = PBXBuildFile; fileRef = 68558AAF3039FECB00FE562D /* ExpireAnonymousSessionTests.swift */; };
		68558AB23039FED600FE562D /* DeleteRegistrationTests.swift in Sources */ = {isa = PBXBuildFile; fileRef = 68558AB13039FED600FE562D /* DeleteRegistrationTests.swift */; };
		68558AB6303A005700FE562D /* SignInWithEmailTests.swift in Sources */ = {isa = PBXBuildFile; fileRef = 68558AB5303A005700FE562D /* SignInWithEmailTests.swift */; };
		68558AB9303A045400FE562D /* GetCurrentProfile.swift in Sources */ = {isa = PBXBuildFile; fileRef = 68558AB8303A045400FE562D /* GetCurrentProfile.swift */; };
		68558ABB303A045F00FE562D /* UpdateProfile.swift in Sources */ = {isa = PBXBuildFile; fileRef = 68558ABA303A045F00FE562D /* UpdateProfile.swift */; };
		68558ABD303A046A00FE562D /* DeleteProfile.swift in Sources */ = {isa = PBXBuildFile; fileRef = 68558ABC303A046A00FE562D /* DeleteProfile.swift */; };
		68558AC0303A04DD00FE562D /* ProfileDouble.swift in Sources */ = {isa = PBXBuildFile; fileRef = 68558ABF303A04DD00FE562D /* ProfileDouble.swift */; };
		68558ACC303A057900FE562D /* GetCurrentProfileTests.swift in Sources */ = {isa = PBXBuildFile; fileRef = 68558ACB303A057900FE562D /* GetCurrentProfileTests.swift */; };
		68558ACE303A058600FE562D /* UpdateProfileTests.swift in Sources */ = {isa = PBXBuildFile; fileRef = 68558ACD303A058600FE562D /* UpdateProfileTests.swift */; };
		68558AD0303A059300FE562D /* DeleteProfileTests.swift in Sources */ = {isa = PBXBuildFile; fileRef = 68558ACF303A059300FE562D /* DeleteProfileTests.swift */; };
		68558AD3303A070800FE562D /* TransferBetweenAccounts.swift in Sources */ = {isa = PBXBuildFile; fileRef = 68558AD2303A070800FE562D /* TransferBetweenAccounts.swift */; };
		68558AD5303A071300FE562D /* UpdateTransfer.swift in Sources */ = {isa = PBXBuildFile; fileRef = 68558AD4303A071300FE562D /* UpdateTransfer.swift */; };
		68558AD7303A071B00FE562D /* DeleteTransfer.swift in Sources */ = {isa = PBXBuildFile; fileRef = 68558AD6303A071B00FE562D /* DeleteTransfer.swift */; };
		68558ADB303A07E700FE562D /* TransferBetweenAccounts.swift in Sources */ = {isa = PBXBuildFile; fileRef = 68558ADA303A07E700FE562D /* TransferBetweenAccounts.swift */; };
		68558ADD303A07F000FE562D /* UpdateTransfer.swift in Sources */ = {isa = PBXBuildFile; fileRef = 68558ADC303A07F000FE562D /* UpdateTransfer.swift */; };
		68558ADF303A07F800FE562D /* DeleteTransfer.swift in Sources */ = {isa = PBXBuildFile; fileRef = 68558ADE303A07F800FE562D /* DeleteTransfer.swift */; };
		687ADC32303970460004166C /* GetInstitution.swift in Sources */ = {isa = PBXBuildFile; fileRef = 687ADC31303970460004166C /* GetInstitution.swift */; };
		687ADC34303970500004166C /* GetInstitutions.swift in Sources */ = {isa = PBXBuildFile; fileRef = 687ADC33303970500004166C /* GetInstitutions.swift */; };
		687ADC363039705A0004166C /* AddInstitution.swift in Sources */ = {isa = PBXBuildFile; fileRef = 687ADC353039705A0004166C /* AddInstitution.swift */; };
		687ADC38303970610004166C /* UpdateInstitution.swift in Sources */ = {isa = PBXBuildFile; fileRef = 687ADC37303970610004166C /* UpdateInstitution.swift */; };
		687ADC3A3039706A0004166C /* ArchiveInstitution.swift in Sources */ = {isa = PBXBuildFile; fileRef = 687ADC393039706A0004166C /* ArchiveInstitution.swift */; };
		687ADC3C303970720004166C /* UnarchiveInstitution.swift in Sources */ = {isa = PBXBuildFile; fileRef = 687ADC3B303970720004166C /* UnarchiveInstitution.swift */; };
		687ADC3E3039707A0004166C /* DeleteInstitution.swift in Sources */ = {isa = PBXBuildFile; fileRef = 687ADC3D3039707A0004166C /* DeleteInstitution.swift */; };
		687ADC4F3039724E0004166C /* TestData.swift in Sources */ = {isa = PBXBuildFile; fileRef = 687ADC4D3039724E0004166C /* TestData.swift */; };
		687ADC53303973B20004166C /* GetInstitutionTests.swift in Sources */ = {isa = PBXBuildFile; fileRef = 687ADC52303973B20004166C /* GetInstitutionTests.swift */; };
		687ADC55303973BE0004166C /* GetInstitutionsTests.swift in Sources */ = {isa = PBXBuildFile; fileRef = 687ADC54303973BE0004166C /* GetInstitutionsTests.swift */; };
		687ADC57303973C90004166C /* AddInstitutionTests.swift in Sources */ = {isa = PBXBuildFile; fileRef = 687ADC56303973C90004166C /* AddInstitutionTests.swift */; };
		687ADC59303973D60004166C /* UpdateInstitutionTests.swift in Sources */ = {isa = PBXBuildFile; fileRef = 687ADC58303973D60004166C /* UpdateInstitutionTests.swift */; };
		687ADC5B303973E20004166C /* ArchiveInstitutionTests.swift in Sources */ = {isa = PBXBuildFile; fileRef = 687ADC5A303973E20004166C /* ArchiveInstitutionTests.swift */; };
		687ADC5D303973EF0004166C /* UnarchiveInstitutionTests.swift in Sources */ = {isa = PBXBuildFile; fileRef = 687ADC5C303973EF0004166C /* UnarchiveInstitutionTests.swift */; };
		687ADC5F303973FB0004166C /* DeleteInstitutionTests.swift in Sources */ = {isa = PBXBuildFile; fileRef = 687ADC5E303973FB0004166C /* DeleteInstitutionTests.swift */; };
		687ADC61303974630004166C /* InstitutionDouble.swift in Sources */ = {isa = PBXBuildFile; fileRef = 687ADC60303974630004166C /* InstitutionDouble.swift */; };
		687ADC6730397B590004166C /* GetAccount.swift in Sources */ = {isa = PBXBuildFile; fileRef = 687ADC6630397B590004166C /* GetAccount.swift */; };
		687ADC6930397B640004166C /* GetAccounts.swift in Sources */ = {isa = PBXBuildFile; fileRef = 687ADC6830397B640004166C /* GetAccounts.swift */; };
		687ADC6B30397B730004166C /* AddAccount.swift in Sources */ = {isa = PBXBuildFile; fileRef = 687ADC6A30397B730004166C /* AddAccount.swift */; };
		687ADC6D30397B7B0004166C /* UpdateAccount.swift in Sources */ = {isa = PBXBuildFile; fileRef = 687ADC6C30397B7B0004166C /* UpdateAccount.swift */; };
		687ADC6F30397B820004166C /* ArchiveAccount.swift in Sources */ = {isa = PBXBuildFile; fileRef = 687ADC6E30397B820004166C /* ArchiveAccount.swift */; };
		687ADC7130397B890004166C /* UnarchiveAccount.swift in Sources */ = {isa = PBXBuildFile; fileRef = 687ADC7030397B890004166C /* UnarchiveAccount.swift */; };
		687ADC7330397B930004166C /* DeleteAccount.swift in Sources */ = {isa = PBXBuildFile; fileRef = 687ADC7230397B930004166C /* DeleteAccount.swift */; };
		68861CAF303AFAB0008E955B /* LinkAnonymousRegistration.swift in Sources */ = {isa = PBXBuildFile; fileRef = 68861CAE303AFAB0008E955B /* LinkAnonymousRegistration.swift */; };
		68861CB1303AFAC8008E955B /* LinkAnonymousRegistrationTests.swift in Sources */ = {isa = PBXBuildFile; fileRef = 68861CB0303AFAC8008E955B /* LinkAnonymousRegistrationTests.swift */; };
		68861CB3303AFAE0008E955B /* DeleteRegistration.swift in Sources */ = {isa = PBXBuildFile; fileRef = 68861CB2303AFAE0008E955B /* DeleteRegistration.swift */; };
		68861CB5303AFB10008E955B /* ExpireAnonymousSession.swift in Sources */ = {isa = PBXBuildFile; fileRef = 68861CB4303AFB10008E955B /* ExpireAnonymousSession.swift */; };
		68861CB7303AFEF8008E955B /* SignUp.swift in Sources */ = {isa = PBXBuildFile; fileRef = 68861CB6303AFEF8008E955B /* SignUp.swift */; };
		68861CBB303AFF1A008E955B /* SignUpTests.swift in Sources */ = {isa = PBXBuildFile; fileRef = 68861CBA303AFF1A008E955B /* SignUpTests.swift */; };
		68861CBD303B0161008E955B /* CreateProfile.swift in Sources */ = {isa = PBXBuildFile; fileRef = 68861CBC303B0161008E955B /* CreateProfile.swift */; };
		68861CBF303B0179008E955B /* CreateProfileTests.swift in Sources */ = {isa = PBXBuildFile; fileRef = 68861CBE303B0179008E955B /* CreateProfileTests.swift */; };
		68861CC1303B023F008E955B /* RegisterProfile.swift in Sources */ = {isa = PBXBuildFile; fileRef = 68861CC0303B023F008E955B /* RegisterProfile.swift */; };
		68861CC3303B024A008E955B /* RegisterAnonymousProfile.swift in Sources */ = {isa = PBXBuildFile; fileRef = 68861CC2303B024A008E955B /* RegisterAnonymousProfile.swift */; };
		68861CC5303B0253008E955B /* LinkAnonymousProfile.swift in Sources */ = {isa = PBXBuildFile; fileRef = 68861CC4303B0253008E955B /* LinkAnonymousProfile.swift */; };
		68861CC7303B025C008E955B /* DeleteFirebaseRegistration.swift in Sources */ = {isa = PBXBuildFile; fileRef = 68861CC6303B025C008E955B /* DeleteFirebaseRegistration.swift */; };
		68861CC9303B0265008E955B /* ExpireAnonymousProfile.swift in Sources */ = {isa = PBXBuildFile; fileRef = 68861CC8303B0265008E955B /* ExpireAnonymousProfile.swift */; };
		68861CCB303B0986008E955B /* CreateAnonymousProfile.swift in Sources */ = {isa = PBXBuildFile; fileRef = 68861CCA303B0986008E955B /* CreateAnonymousProfile.swift */; };
		68861CCD303B09C4008E955B /* CreateAnonymousProfileTests.swift in Sources */ = {isa = PBXBuildFile; fileRef = 68861CCC303B09C4008E955B /* CreateAnonymousProfileTests.swift */; };
		68861CCF303B0A3B008E955B /* IsAnonymousSessionExpired.swift in Sources */ = {isa = PBXBuildFile; fileRef = 68861CCE303B0A3B008E955B /* IsAnonymousSessionExpired.swift */; };
		68861CD1303B0A51008E955B /* IsAnonymousSessionExpiredTests.swift in Sources */ = {isa = PBXBuildFile; fileRef = 68861CD0303B0A51008E955B /* IsAnonymousSessionExpiredTests.swift */; };
		68861CD9303B0B71008E955B /* RegisterProfileTests.swift in Sources */ = {isa = PBXBuildFile; fileRef = 68861CD8303B0B71008E955B /* RegisterProfileTests.swift */; };
		68861CDB303B0B78008E955B /* RegisterAnonymousProfileTests.swift in Sources */ = {isa = PBXBuildFile; fileRef = 68861CDA303B0B78008E955B /* RegisterAnonymousProfileTests.swift */; };
		68861CDD303B0B80008E955B /* LinkAnonymousProfileTests.swift in Sources */ = {isa = PBXBuildFile; fileRef = 68861CDC303B0B80008E955B /* LinkAnonymousProfileTests.swift */; };
		68861CDF303B0B87008E955B /* DeleteFirebaseRegistrationTests.swift in Sources */ = {isa = PBXBuildFile; fileRef = 68861CDE303B0B87008E955B /* DeleteFirebaseRegistrationTests.swift */; };
		68861CE1303B0B8E008E955B /* ExpireAnonymousProfileTests.swift in Sources */ = {isa = PBXBuildFile; fileRef = 68861CE0303B0B8E008E955B /* ExpireAnonymousProfileTests.swift */; };
		68861CE3303B18E5008E955B /* GoogleService-Info.plist in Resources */ = {isa = PBXBuildFile; fileRef = 68861CE2303B18E5008E955B /* GoogleService-Info.plist */; };
		68861CE6303B1A0C008E955B /* FirebaseAuth in Frameworks */ = {isa = PBXBuildFile; productRef = 68861CE5303B1A0C008E955B /* FirebaseAuth */; };
		68861CE8303B1A0C008E955B /* FirebaseCore in Frameworks */ = {isa = PBXBuildFile; productRef = 68861CE7303B1A0C008E955B /* FirebaseCore */; };
		68861CEA303B1A0C008E955B /* FirebaseFirestore in Frameworks */ = {isa = PBXBuildFile; productRef = 68861CE9303B1A0C008E955B /* FirebaseFirestore */; };
		68861CED303B4900008E955B /* AuthProvider.swift in Sources */ = {isa = PBXBuildFile; fileRef = 68861CEC303B4900008E955B /* AuthProvider.swift */; };
		68861CF2303B4B53008E955B /* FirebaseAuthSource.swift in Sources */ = {isa = PBXBuildFile; fileRef = 68861CF1303B4B53008E955B /* FirebaseAuthSource.swift */; };
/* End PBXBuildFile section */

/* Begin PBXContainerItemProxy section */
		687ADC483039722B0004166C /* PBXContainerItemProxy */ = {
			isa = PBXContainerItemProxy;
			containerPortal = 6839EA1730386BA2006E2AD4 /* Project object */;
			proxyType = 1;
			remoteGlobalIDString = 6839EA1E30386BA2006E2AD4;
			remoteInfo = CatLedger;
		};
/* End PBXContainerItemProxy section */

/* Begin PBXFileReference section */
		6839EA1F30386BA2006E2AD4 /* CatLedger.app */ = {isa = PBXFileReference; explicitFileType = wrapper.application; includeInIndex = 0; path = CatLedger.app; sourceTree = BUILT_PRODUCTS_DIR; };
		6839EA2D30386BAC006E2AD4 /* Assets.xcassets */ = {isa = PBXFileReference; lastKnownFileType = folder.assetcatalog; path = Assets.xcassets; sourceTree = "<group>"; };
		6839EA2E30386BAC006E2AD4 /* CatLedgerApp.swift */ = {isa = PBXFileReference; lastKnownFileType = sourcecode.swift; path = CatLedgerApp.swift; sourceTree = "<group>"; };
		6839EA2F30386BAC006E2AD4 /* ContentView.swift */ = {isa = PBXFileReference; lastKnownFileType = sourcecode.swift; path = ContentView.swift; sourceTree = "<group>"; };
		6839EA3530386BCE006E2AD4 /* Version.xcconfig */ = {isa = PBXFileReference; lastKnownFileType = text.xcconfig; path = Version.xcconfig; sourceTree = "<group>"; };
		6839EA3A3038734E006E2AD4 /* Institution.swift */ = {isa = PBXFileReference; lastKnownFileType = sourcecode.swift; path = Institution.swift; sourceTree = "<group>"; };
		6839EA3C30387358006E2AD4 /* InstitutionCategory.swift */ = {isa = PBXFileReference; lastKnownFileType = sourcecode.swift; path = InstitutionCategory.swift; sourceTree = "<group>"; };
		6839EA40303874A2006E2AD4 /* Localizable.xcstrings */ = {isa = PBXFileReference; lastKnownFileType = text.json.xcstrings; path = Localizable.xcstrings; sourceTree = "<group>"; };
		6839EA4430387567006E2AD4 /* InstitutionCategory+Display.swift */ = {isa = PBXFileReference; lastKnownFileType = sourcecode.swift; path = "InstitutionCategory+Display.swift"; sourceTree = "<group>"; };
		6839EA463038790C006E2AD4 /* InstitutionError.swift */ = {isa = PBXFileReference; lastKnownFileType = sourcecode.swift; path = InstitutionError.swift; sourceTree = "<group>"; };
		6839EA4830387918006E2AD4 /* InstitutionProviding.swift */ = {isa = PBXFileReference; lastKnownFileType = sourcecode.swift; path = InstitutionProviding.swift; sourceTree = "<group>"; };
		6839EA4A30387A74006E2AD4 /* AddInstitutionInput.swift */ = {isa = PBXFileReference; lastKnownFileType = sourcecode.swift; path = AddInstitutionInput.swift; sourceTree = "<group>"; };
		6839EA4C30387A7F006E2AD4 /* UpdateInstitutionInput.swift */ = {isa = PBXFileReference; lastKnownFileType = sourcecode.swift; path = UpdateInstitutionInput.swift; sourceTree = "<group>"; };
		6839EA5030387BE5006E2AD4 /* Account.swift */ = {isa = PBXFileReference; lastKnownFileType = sourcecode.swift; path = Account.swift; sourceTree = "<group>"; };
		6839EA5230387BEF006E2AD4 /* AccountCategory.swift */ = {isa = PBXFileReference; lastKnownFileType = sourcecode.swift; path = AccountCategory.swift; sourceTree = "<group>"; };
		6839EA5430387BFA006E2AD4 /* AccountFilter.swift */ = {isa = PBXFileReference; lastKnownFileType = sourcecode.swift; path = AccountFilter.swift; sourceTree = "<group>"; };
		6839EA5630387C05006E2AD4 /* AccountDisplayItem.swift */ = {isa = PBXFileReference; lastKnownFileType = sourcecode.swift; path = AccountDisplayItem.swift; sourceTree = "<group>"; };
		6839EA5830387C10006E2AD4 /* AccountError.swift */ = {isa = PBXFileReference; lastKnownFileType = sourcecode.swift; path = AccountError.swift; sourceTree = "<group>"; };
		6839EA5A30387C19006E2AD4 /* AccountProviding.swift */ = {isa = PBXFileReference; lastKnownFileType = sourcecode.swift; path = AccountProviding.swift; sourceTree = "<group>"; };
		6839EA5C30387C22006E2AD4 /* AccountRecencySorter.swift */ = {isa = PBXFileReference; lastKnownFileType = sourcecode.swift; path = AccountRecencySorter.swift; sourceTree = "<group>"; };
		6839EA5E30387C34006E2AD4 /* UpdateAccountInput.swift */ = {isa = PBXFileReference; lastKnownFileType = sourcecode.swift; path = UpdateAccountInput.swift; sourceTree = "<group>"; };
		6839EA6030387C4F006E2AD4 /* AccountCategory+Display.swift */ = {isa = PBXFileReference; lastKnownFileType = sourcecode.swift; path = "AccountCategory+Display.swift"; sourceTree = "<group>"; };
		6839EA643038888C006E2AD4 /* Transaction.swift */ = {isa = PBXFileReference; lastKnownFileType = sourcecode.swift; path = Transaction.swift; sourceTree = "<group>"; };
		6839EA6630388895006E2AD4 /* TransactionCategory.swift */ = {isa = PBXFileReference; lastKnownFileType = sourcecode.swift; path = TransactionCategory.swift; sourceTree = "<group>"; };
		6839EA683038889F006E2AD4 /* TransactionSplit.swift */ = {isa = PBXFileReference; lastKnownFileType = sourcecode.swift; path = TransactionSplit.swift; sourceTree = "<group>"; };
		6839EA6A303888B5006E2AD4 /* TransactionError.swift */ = {isa = PBXFileReference; lastKnownFileType = sourcecode.swift; path = TransactionError.swift; sourceTree = "<group>"; };
		6839EA6C303888C1006E2AD4 /* Transaction+Effective.swift */ = {isa = PBXFileReference; lastKnownFileType = sourcecode.swift; path = "Transaction+Effective.swift"; sourceTree = "<group>"; };
		6839EA6E303888CD006E2AD4 /* TransactionProviding.swift */ = {isa = PBXFileReference; lastKnownFileType = sourcecode.swift; path = TransactionProviding.swift; sourceTree = "<group>"; };
		6839EA7030388B90006E2AD4 /* TransactionCategory+Display.swift */ = {isa = PBXFileReference; lastKnownFileType = sourcecode.swift; path = "TransactionCategory+Display.swift"; sourceTree = "<group>"; };
		6839EA7430388ED6006E2AD4 /* AuthSession.swift */ = {isa = PBXFileReference; lastKnownFileType = sourcecode.swift; path = AuthSession.swift; sourceTree = "<group>"; };
		6839EA7630388EE0006E2AD4 /* AuthError.swift */ = {isa = PBXFileReference; lastKnownFileType = sourcecode.swift; path = AuthError.swift; sourceTree = "<group>"; };
		6839EA7830388EE8006E2AD4 /* AuthProviding.swift */ = {isa = PBXFileReference; lastKnownFileType = sourcecode.swift; path = AuthProviding.swift; sourceTree = "<group>"; };
		6839EA7C3038909F006E2AD4 /* Profile.swift */ = {isa = PBXFileReference; lastKnownFileType = sourcecode.swift; path = Profile.swift; sourceTree = "<group>"; };
		6839EA7E303890A9006E2AD4 /* ProfileError.swift */ = {isa = PBXFileReference; lastKnownFileType = sourcecode.swift; path = ProfileError.swift; sourceTree = "<group>"; };
		6839EA80303890B1006E2AD4 /* UpdateProfileInput.swift */ = {isa = PBXFileReference; lastKnownFileType = sourcecode.swift; path = UpdateProfileInput.swift; sourceTree = "<group>"; };
		6839EA82303890B8006E2AD4 /* ProfileProviding.swift */ = {isa = PBXFileReference; lastKnownFileType = sourcecode.swift; path = ProfileProviding.swift; sourceTree = "<group>"; };
		6839EA85303892BB006E2AD4 /* Transfer.swift */ = {isa = PBXFileReference; lastKnownFileType = sourcecode.swift; path = Transfer.swift; sourceTree = "<group>"; };
		6839EA87303892C4006E2AD4 /* TransferFormInput.swift */ = {isa = PBXFileReference; lastKnownFileType = sourcecode.swift; path = TransferFormInput.swift; sourceTree = "<group>"; };
		68558A4C303992AC00FE562D /* AccountDouble.swift */ = {isa = PBXFileReference; lastKnownFileType = sourcecode.swift; path = AccountDouble.swift; sourceTree = "<group>"; };
		68558A51303992D500FE562D /* GetAccountsTests.swift */ = {isa = PBXFileReference; lastKnownFileType = sourcecode.swift; path = GetAccountsTests.swift; sourceTree = "<group>"; };
		68558A53303992DE00FE562D /* AddAccountTests.swift */ = {isa = PBXFileReference; lastKnownFileType = sourcecode.swift; path = AddAccountTests.swift; sourceTree = "<group>"; };
		68558A55303992EB00FE562D /* UpdateAccountTests.swift */ = {isa = PBXFileReference; lastKnownFileType = sourcecode.swift; path = UpdateAccountTests.swift; sourceTree = "<group>"; };
		68558A57303992F700FE562D /* ArchiveAccountTests.swift */ = {isa = PBXFileReference; lastKnownFileType = sourcecode.swift; path = ArchiveAccountTests.swift; sourceTree = "<group>"; };
		68558A593039930700FE562D /* UnarchiveAccountTests.swift */ = {isa = PBXFileReference; lastKnownFileType = sourcecode.swift; path = UnarchiveAccountTests.swift; sourceTree = "<group>"; };
		68558A5B3039931100FE562D /* DeleteAccountTests.swift */ = {isa = PBXFileReference; lastKnownFileType = sourcecode.swift; path = DeleteAccountTests.swift; sourceTree = "<group>"; };
		68558A5D303994CE00FE562D /* GetAccountTests.swift */ = {isa = PBXFileReference; lastKnownFileType = sourcecode.swift; path = GetAccountTests.swift; sourceTree = "<group>"; };
		68558A5F3039F6A700FE562D /* AddTransactionInput.swift */ = {isa = PBXFileReference; lastKnownFileType = sourcecode.swift; path = AddTransactionInput.swift; sourceTree = "<group>"; };
		68558A613039F6B100FE562D /* UpdateTransactionInput.swift */ = {isa = PBXFileReference; lastKnownFileType = sourcecode.swift; path = UpdateTransactionInput.swift; sourceTree = "<group>"; };
		68558A643039F6C800FE562D /* GetTransaction.swift */ = {isa = PBXFileReference; lastKnownFileType = sourcecode.swift; path = GetTransaction.swift; sourceTree = "<group>"; };
		68558A663039F6D100FE562D /* GetTransactions.swift */ = {isa = PBXFileReference; lastKnownFileType = sourcecode.swift; path = GetTransactions.swift; sourceTree = "<group>"; };
		68558A683039F6D800FE562D /* GetTransactionsByAccount.swift */ = {isa = PBXFileReference; lastKnownFileType = sourcecode.swift; path = GetTransactionsByAccount.swift; sourceTree = "<group>"; };
		68558A6A3039F6E000FE562D /* GetTransactionsByCategory.swift */ = {isa = PBXFileReference; lastKnownFileType = sourcecode.swift; path = GetTransactionsByCategory.swift; sourceTree = "<group>"; };
		68558A6C3039F6E700FE562D /* GetTransactionsByDateRange.swift */ = {isa = PBXFileReference; lastKnownFileType = sourcecode.swift; path = GetTransactionsByDateRange.swift; sourceTree = "<group>"; };
		68558A6E3039F6EF00FE562D /* AddTransaction.swift */ = {isa = PBXFileReference; lastKnownFileType = sourcecode.swift; path = AddTransaction.swift; sourceTree = "<group>"; };
		68558A703039F6F600FE562D /* UpdateTransaction.swift */ = {isa = PBXFileReference; lastKnownFileType = sourcecode.swift; path = UpdateTransaction.swift; sourceTree = "<group>"; };
		68558A723039F6FC00FE562D /* DeleteTransaction.swift */ = {isa = PBXFileReference; lastKnownFileType = sourcecode.swift; path = DeleteTransaction.swift; sourceTree = "<group>"; };
		68558A753039FAD100FE562D /* TransactionDouble.swift */ = {isa = PBXFileReference; lastKnownFileType = sourcecode.swift; path = TransactionDouble.swift; sourceTree = "<group>"; };
		68558A783039FAF000FE562D /* GetTransactionTests.swift */ = {isa = PBXFileReference; lastKnownFileType = sourcecode.swift; path = GetTransactionTests.swift; sourceTree = "<group>"; };
		68558A7A3039FAFB00FE562D /* GetTransactionsTests.swift */ = {isa = PBXFileReference; lastKnownFileType = sourcecode.swift; path = GetTransactionsTests.swift; sourceTree = "<group>"; };
		68558A7C3039FB0600FE562D /* GetTransactionsByAccountTests.swift */ = {isa = PBXFileReference; lastKnownFileType = sourcecode.swift; path = GetTransactionsByAccountTests.swift; sourceTree = "<group>"; };
		68558A7E3039FB1300FE562D /* GetTransactionsByDateRangeTests.swift */ = {isa = PBXFileReference; lastKnownFileType = sourcecode.swift; path = GetTransactionsByDateRangeTests.swift; sourceTree = "<group>"; };
		68558A803039FB1F00FE562D /* AddTransactionTests.swift */ = {isa = PBXFileReference; lastKnownFileType = sourcecode.swift; path = AddTransactionTests.swift; sourceTree = "<group>"; };
		68558A823039FB2B00FE562D /* UpdateTransactionTests.swift */ = {isa = PBXFileReference; lastKnownFileType = sourcecode.swift; path = UpdateTransactionTests.swift; sourceTree = "<group>"; };
		68558A843039FB3700FE562D /* DeleteTransactionTests.swift */ = {isa = PBXFileReference; lastKnownFileType = sourcecode.swift; path = DeleteTransactionTests.swift; sourceTree = "<group>"; };
		68558A863039FBF100FE562D /* GetTransactionsByCategoryTests.swift */ = {isa = PBXFileReference; lastKnownFileType = sourcecode.swift; path = GetTransactionsByCategoryTests.swift; sourceTree = "<group>"; };
		68558A893039FD3000FE562D /* SignInWithEmail.swift */ = {isa = PBXFileReference; lastKnownFileType = sourcecode.swift; path = SignInWithEmail.swift; sourceTree = "<group>"; };
		68558A8D3039FD4700FE562D /* SignInAnonymously.swift */ = {isa = PBXFileReference; lastKnownFileType = sourcecode.swift; path = SignInAnonymously.swift; sourceTree = "<group>"; };
		68558A8F3039FD5600FE562D /* SignOut.swift */ = {isa = PBXFileReference; lastKnownFileType = sourcecode.swift; path = SignOut.swift; sourceTree = "<group>"; };
		68558A953039FD7D00FE562D /* ResetPassword.swift */ = {isa = PBXFileReference; lastKnownFileType = sourcecode.swift; path = ResetPassword.swift; sourceTree = "<group>"; };
		68558A973039FD8E00FE562D /* ResolveSession.swift */ = {isa = PBXFileReference; lastKnownFileType = sourcecode.swift; path = ResolveSession.swift; sourceTree = "<group>"; };
		68558A9C3039FE5600FE562D /* AuthenticationDouble.swift */ = {isa = PBXFileReference; lastKnownFileType = sourcecode.swift; path = AuthenticationDouble.swift; sourceTree = "<group>"; };
		68558AA53039FE9100FE562D /* SignOutTests.swift */ = {isa = PBXFileReference; lastKnownFileType = sourcecode.swift; path = SignOutTests.swift; sourceTree = "<group>"; };
		68558AA73039FE9C00FE562D /* ResetPasswordTests.swift */ = {isa = PBXFileReference; lastKnownFileType = sourcecode.swift; path = ResetPasswordTests.swift; sourceTree = "<group>"; };
		68558AA93039FEA800FE562D /* ResolveSessionTests.swift */ = {isa = PBXFileReference; lastKnownFileType = sourcecode.swift; path = ResolveSessionTests.swift; sourceTree = "<group>"; };
		68558AAB3039FEB400FE562D /* SignInAnonymouslyTests.swift */ = {isa = PBXFileReference; lastKnownFileType = sourcecode.swift; path = SignInAnonymouslyTests.swift; sourceTree = "<group>"; };
		68558AAF3039FECB00FE562D /* ExpireAnonymousSessionTests.swift */ = {isa = PBXFileReference; lastKnownFileType = sourcecode.swift; path = ExpireAnonymousSessionTests.swift; sourceTree = "<group>"; };
		68558AB13039FED600FE562D /* DeleteRegistrationTests.swift */ = {isa = PBXFileReference; lastKnownFileType = sourcecode.swift; path = DeleteRegistrationTests.swift; sourceTree = "<group>"; };
		68558AB5303A005700FE562D /* SignInWithEmailTests.swift */ = {isa = PBXFileReference; lastKnownFileType = sourcecode.swift; path = SignInWithEmailTests.swift; sourceTree = "<group>"; };
		68558AB8303A045400FE562D /* GetCurrentProfile.swift */ = {isa = PBXFileReference; lastKnownFileType = sourcecode.swift; path = GetCurrentProfile.swift; sourceTree = "<group>"; };
		68558ABA303A045F00FE562D /* UpdateProfile.swift */ = {isa = PBXFileReference; lastKnownFileType = sourcecode.swift; path = UpdateProfile.swift; sourceTree = "<group>"; };
		68558ABC303A046A00FE562D /* DeleteProfile.swift */ = {isa = PBXFileReference; lastKnownFileType = sourcecode.swift; path = DeleteProfile.swift; sourceTree = "<group>"; };
		68558ABF303A04DD00FE562D /* ProfileDouble.swift */ = {isa = PBXFileReference; lastKnownFileType = sourcecode.swift; path = ProfileDouble.swift; sourceTree = "<group>"; };
		68558ACB303A057900FE562D /* GetCurrentProfileTests.swift */ = {isa = PBXFileReference; lastKnownFileType = sourcecode.swift; path = GetCurrentProfileTests.swift; sourceTree = "<group>"; };
		68558ACD303A058600FE562D /* UpdateProfileTests.swift */ = {isa = PBXFileReference; lastKnownFileType = sourcecode.swift; path = UpdateProfileTests.swift; sourceTree = "<group>"; };
		68558ACF303A059300FE562D /* DeleteProfileTests.swift */ = {isa = PBXFileReference; lastKnownFileType = sourcecode.swift; path = DeleteProfileTests.swift; sourceTree = "<group>"; };
		68558AD2303A070800FE562D /* TransferBetweenAccounts.swift */ = {isa = PBXFileReference; lastKnownFileType = sourcecode.swift; path = TransferBetweenAccounts.swift; sourceTree = "<group>"; };
		68558AD4303A071300FE562D /* UpdateTransfer.swift */ = {isa = PBXFileReference; lastKnownFileType = sourcecode.swift; path = UpdateTransfer.swift; sourceTree = "<group>"; };
		68558AD6303A071B00FE562D /* DeleteTransfer.swift */ = {isa = PBXFileReference; lastKnownFileType = sourcecode.swift; path = DeleteTransfer.swift; sourceTree = "<group>"; };
		68558ADA303A07E700FE562D /* TransferBetweenAccounts.swift */ = {isa = PBXFileReference; lastKnownFileType = sourcecode.swift; path = TransferBetweenAccounts.swift; sourceTree = "<group>"; };
		68558ADC303A07F000FE562D /* UpdateTransfer.swift */ = {isa = PBXFileReference; lastKnownFileType = sourcecode.swift; path = UpdateTransfer.swift; sourceTree = "<group>"; };
		68558ADE303A07F800FE562D /* DeleteTransfer.swift */ = {isa = PBXFileReference; lastKnownFileType = sourcecode.swift; path = DeleteTransfer.swift; sourceTree = "<group>"; };
		687ADC31303970460004166C /* GetInstitution.swift */ = {isa = PBXFileReference; lastKnownFileType = sourcecode.swift; path = GetInstitution.swift; sourceTree = "<group>"; };
		687ADC33303970500004166C /* GetInstitutions.swift */ = {isa = PBXFileReference; lastKnownFileType = sourcecode.swift; path = GetInstitutions.swift; sourceTree = "<group>"; };
		687ADC353039705A0004166C /* AddInstitution.swift */ = {isa = PBXFileReference; lastKnownFileType = sourcecode.swift; path = AddInstitution.swift; sourceTree = "<group>"; };
		687ADC37303970610004166C /* UpdateInstitution.swift */ = {isa = PBXFileReference; lastKnownFileType = sourcecode.swift; path = UpdateInstitution.swift; sourceTree = "<group>"; };
		687ADC393039706A0004166C /* ArchiveInstitution.swift */ = {isa = PBXFileReference; lastKnownFileType = sourcecode.swift; path = ArchiveInstitution.swift; sourceTree = "<group>"; };
		687ADC3B303970720004166C /* UnarchiveInstitution.swift */ = {isa = PBXFileReference; lastKnownFileType = sourcecode.swift; path = UnarchiveInstitution.swift; sourceTree = "<group>"; };
		687ADC3D3039707A0004166C /* DeleteInstitution.swift */ = {isa = PBXFileReference; lastKnownFileType = sourcecode.swift; path = DeleteInstitution.swift; sourceTree = "<group>"; };
		687ADC443039722B0004166C /* CatLedgerTests.xctest */ = {isa = PBXFileReference; explicitFileType = wrapper.cfbundle; includeInIndex = 0; path = CatLedgerTests.xctest; sourceTree = BUILT_PRODUCTS_DIR; };
		687ADC4D3039724E0004166C /* TestData.swift */ = {isa = PBXFileReference; lastKnownFileType = sourcecode.swift; path = TestData.swift; sourceTree = "<group>"; };
		687ADC52303973B20004166C /* GetInstitutionTests.swift */ = {isa = PBXFileReference; lastKnownFileType = sourcecode.swift; path = GetInstitutionTests.swift; sourceTree = "<group>"; };
		687ADC54303973BE0004166C /* GetInstitutionsTests.swift */ = {isa = PBXFileReference; lastKnownFileType = sourcecode.swift; path = GetInstitutionsTests.swift; sourceTree = "<group>"; };
		687ADC56303973C90004166C /* AddInstitutionTests.swift */ = {isa = PBXFileReference; lastKnownFileType = sourcecode.swift; path = AddInstitutionTests.swift; sourceTree = "<group>"; };
		687ADC58303973D60004166C /* UpdateInstitutionTests.swift */ = {isa = PBXFileReference; lastKnownFileType = sourcecode.swift; path = UpdateInstitutionTests.swift; sourceTree = "<group>"; };
		687ADC5A303973E20004166C /* ArchiveInstitutionTests.swift */ = {isa = PBXFileReference; lastKnownFileType = sourcecode.swift; path = ArchiveInstitutionTests.swift; sourceTree = "<group>"; };
		687ADC5C303973EF0004166C /* UnarchiveInstitutionTests.swift */ = {isa = PBXFileReference; lastKnownFileType = sourcecode.swift; path = UnarchiveInstitutionTests.swift; sourceTree = "<group>"; };
		687ADC5E303973FB0004166C /* DeleteInstitutionTests.swift */ = {isa = PBXFileReference; lastKnownFileType = sourcecode.swift; path = DeleteInstitutionTests.swift; sourceTree = "<group>"; };
		687ADC60303974630004166C /* InstitutionDouble.swift */ = {isa = PBXFileReference; lastKnownFileType = sourcecode.swift; path = InstitutionDouble.swift; sourceTree = "<group>"; };
		687ADC643039781B0004166C /* CatLedgerTests.xctestplan */ = {isa = PBXFileReference; lastKnownFileType = text; path = CatLedgerTests.xctestplan; sourceTree = "<group>"; };
		687ADC6630397B590004166C /* GetAccount.swift */ = {isa = PBXFileReference; lastKnownFileType = sourcecode.swift; path = GetAccount.swift; sourceTree = "<group>"; };
		687ADC6830397B640004166C /* GetAccounts.swift */ = {isa = PBXFileReference; lastKnownFileType = sourcecode.swift; path = GetAccounts.swift; sourceTree = "<group>"; };
		687ADC6A30397B730004166C /* AddAccount.swift */ = {isa = PBXFileReference; lastKnownFileType = sourcecode.swift; path = AddAccount.swift; sourceTree = "<group>"; };
		687ADC6C30397B7B0004166C /* UpdateAccount.swift */ = {isa = PBXFileReference; lastKnownFileType = sourcecode.swift; path = UpdateAccount.swift; sourceTree = "<group>"; };
		687ADC6E30397B820004166C /* ArchiveAccount.swift */ = {isa = PBXFileReference; lastKnownFileType = sourcecode.swift; path = ArchiveAccount.swift; sourceTree = "<group>"; };
		687ADC7030397B890004166C /* UnarchiveAccount.swift */ = {isa = PBXFileReference; lastKnownFileType = sourcecode.swift; path = UnarchiveAccount.swift; sourceTree = "<group>"; };
		687ADC7230397B930004166C /* DeleteAccount.swift */ = {isa = PBXFileReference; lastKnownFileType = sourcecode.swift; path = DeleteAccount.swift; sourceTree = "<group>"; };
		68861CAE303AFAB0008E955B /* LinkAnonymousRegistration.swift */ = {isa = PBXFileReference; lastKnownFileType = sourcecode.swift; path = LinkAnonymousRegistration.swift; sourceTree = "<group>"; };
		68861CB0303AFAC8008E955B /* LinkAnonymousRegistrationTests.swift */ = {isa = PBXFileReference; lastKnownFileType = sourcecode.swift; path = LinkAnonymousRegistrationTests.swift; sourceTree = "<group>"; };
		68861CB2303AFAE0008E955B /* DeleteRegistration.swift */ = {isa = PBXFileReference; lastKnownFileType = sourcecode.swift; path = DeleteRegistration.swift; sourceTree = "<group>"; };
		68861CB4303AFB10008E955B /* ExpireAnonymousSession.swift */ = {isa = PBXFileReference; lastKnownFileType = sourcecode.swift; path = ExpireAnonymousSession.swift; sourceTree = "<group>"; };
		68861CB6303AFEF8008E955B /* SignUp.swift */ = {isa = PBXFileReference; lastKnownFileType = sourcecode.swift; path = SignUp.swift; sourceTree = "<group>"; };
		68861CBA303AFF1A008E955B /* SignUpTests.swift */ = {isa = PBXFileReference; lastKnownFileType = sourcecode.swift; path = SignUpTests.swift; sourceTree = "<group>"; };
		68861CBC303B0161008E955B /* CreateProfile.swift */ = {isa = PBXFileReference; lastKnownFileType = sourcecode.swift; path = CreateProfile.swift; sourceTree = "<group>"; };
		68861CBE303B0179008E955B /* CreateProfileTests.swift */ = {isa = PBXFileReference; lastKnownFileType = sourcecode.swift; path = CreateProfileTests.swift; sourceTree = "<group>"; };
		68861CC0303B023F008E955B /* RegisterProfile.swift */ = {isa = PBXFileReference; lastKnownFileType = sourcecode.swift; path = RegisterProfile.swift; sourceTree = "<group>"; };
		68861CC2303B024A008E955B /* RegisterAnonymousProfile.swift */ = {isa = PBXFileReference; lastKnownFileType = sourcecode.swift; path = RegisterAnonymousProfile.swift; sourceTree = "<group>"; };
		68861CC4303B0253008E955B /* LinkAnonymousProfile.swift */ = {isa = PBXFileReference; lastKnownFileType = sourcecode.swift; path = LinkAnonymousProfile.swift; sourceTree = "<group>"; };
		68861CC6303B025C008E955B /* DeleteFirebaseRegistration.swift */ = {isa = PBXFileReference; lastKnownFileType = sourcecode.swift; path = DeleteFirebaseRegistration.swift; sourceTree = "<group>"; };
		68861CC8303B0265008E955B /* ExpireAnonymousProfile.swift */ = {isa = PBXFileReference; lastKnownFileType = sourcecode.swift; path = ExpireAnonymousProfile.swift; sourceTree = "<group>"; };
		68861CCA303B0986008E955B /* CreateAnonymousProfile.swift */ = {isa = PBXFileReference; lastKnownFileType = sourcecode.swift; path = CreateAnonymousProfile.swift; sourceTree = "<group>"; };
		68861CCC303B09C4008E955B /* CreateAnonymousProfileTests.swift */ = {isa = PBXFileReference; lastKnownFileType = sourcecode.swift; path = CreateAnonymousProfileTests.swift; sourceTree = "<group>"; };
		68861CCE303B0A3B008E955B /* IsAnonymousSessionExpired.swift */ = {isa = PBXFileReference; lastKnownFileType = sourcecode.swift; path = IsAnonymousSessionExpired.swift; sourceTree = "<group>"; };
		68861CD0303B0A51008E955B /* IsAnonymousSessionExpiredTests.swift */ = {isa = PBXFileReference; lastKnownFileType = sourcecode.swift; path = IsAnonymousSessionExpiredTests.swift; sourceTree = "<group>"; };
		68861CD8303B0B71008E955B /* RegisterProfileTests.swift */ = {isa = PBXFileReference; lastKnownFileType = sourcecode.swift; path = RegisterProfileTests.swift; sourceTree = "<group>"; };
		68861CDA303B0B78008E955B /* RegisterAnonymousProfileTests.swift */ = {isa = PBXFileReference; lastKnownFileType = sourcecode.swift; path = RegisterAnonymousProfileTests.swift; sourceTree = "<group>"; };
		68861CDC303B0B80008E955B /* LinkAnonymousProfileTests.swift */ = {isa = PBXFileReference; lastKnownFileType = sourcecode.swift; path = LinkAnonymousProfileTests.swift; sourceTree = "<group>"; };
		68861CDE303B0B87008E955B /* DeleteFirebaseRegistrationTests.swift */ = {isa = PBXFileReference; lastKnownFileType = sourcecode.swift; path = DeleteFirebaseRegistrationTests.swift; sourceTree = "<group>"; };
		68861CE0303B0B8E008E955B /* ExpireAnonymousProfileTests.swift */ = {isa = PBXFileReference; lastKnownFileType = sourcecode.swift; path = ExpireAnonymousProfileTests.swift; sourceTree = "<group>"; };
		68861CE2303B18E5008E955B /* GoogleService-Info.plist */ = {isa = PBXFileReference; lastKnownFileType = text.plist.xml; path = "GoogleService-Info.plist"; sourceTree = "<group>"; };
		68861CEC303B4900008E955B /* AuthProvider.swift */ = {isa = PBXFileReference; lastKnownFileType = sourcecode.swift; path = AuthProvider.swift; sourceTree = "<group>"; };
		68861CF1303B4B53008E955B /* FirebaseAuthSource.swift */ = {isa = PBXFileReference; lastKnownFileType = sourcecode.swift; path = FirebaseAuthSource.swift; sourceTree = "<group>"; };
/* End PBXFileReference section */

/* Begin PBXFrameworksBuildPhase section */
		6839EA1C30386BA2006E2AD4 /* Frameworks */ = {
			isa = PBXFrameworksBuildPhase;
			buildActionMask = 2147483647;
			files = (
				68861CE8303B1A0C008E955B /* FirebaseCore in Frameworks */,
				68861CE6303B1A0C008E955B /* FirebaseAuth in Frameworks */,
				68861CEA303B1A0C008E955B /* FirebaseFirestore in Frameworks */,
			);
			runOnlyForDeploymentPostprocessing = 0;
		};
		687ADC413039722B0004166C /* Frameworks */ = {
			isa = PBXFrameworksBuildPhase;
			buildActionMask = 2147483647;
			files = (
			);
			runOnlyForDeploymentPostprocessing = 0;
		};
/* End PBXFrameworksBuildPhase section */

/* Begin PBXGroup section */
		6839EA1630386BA2006E2AD4 = {
			isa = PBXGroup;
			children = (
				687ADC643039781B0004166C /* CatLedgerTests.xctestplan */,
				6839EA3030386BAC006E2AD4 /* CatLedger */,
				687ADC4E3039724E0004166C /* CatLedgerTests */,
				6839EA2030386BA2006E2AD4 /* Products */,
			);
			sourceTree = "<group>";
		};
		6839EA2030386BA2006E2AD4 /* Products */ = {
			isa = PBXGroup;
			children = (
				6839EA1F30386BA2006E2AD4 /* CatLedger.app */,
				687ADC443039722B0004166C /* CatLedgerTests.xctest */,
			);
			name = Products;
			sourceTree = "<group>";
		};
		6839EA3030386BAC006E2AD4 /* CatLedger */ = {
			isa = PBXGroup;
			children = (
				6839EA3E3038743E006E2AD4 /* App */,
				6839EA37303872F1006E2AD4 /* Features */,
				68861CE2303B18E5008E955B /* GoogleService-Info.plist */,
				6839EA4230387543006E2AD4 /* Core */,
				6839EA3430386BAF006E2AD4 /* Resources */,
			);
			path = CatLedger;
			sourceTree = "<group>";
		};
		6839EA3430386BAF006E2AD4 /* Resources */ = {
			isa = PBXGroup;
			children = (
				6839EA3530386BCE006E2AD4 /* Version.xcconfig */,
				6839EA2D30386BAC006E2AD4 /* Assets.xcassets */,
				6839EA40303874A2006E2AD4 /* Localizable.xcstrings */,
			);
			path = Resources;
			sourceTree = "<group>";
		};
		6839EA37303872F1006E2AD4 /* Features */ = {
			isa = PBXGroup;
			children = (
				6839EA7230388EC5006E2AD4 /* Authentication */,
				6839EA7A30388FDC006E2AD4 /* Profile */,
				6839EA38303872FD006E2AD4 /* Institution */,
				6839EA4E30387B34006E2AD4 /* Account */,
				6839EA6230388864006E2AD4 /* Transaction */,
				6839EA84303892AB006E2AD4 /* Transfer */,
			);
			path = Features;
			sourceTree = "<group>";
		};
		6839EA38303872FD006E2AD4 /* Institution */ = {
			isa = PBXGroup;
			children = (
				6839EA3930387304006E2AD4 /* Domain */,
			);
			path = Institution;
			sourceTree = "<group>";
		};
		6839EA3930387304006E2AD4 /* Domain */ = {
			isa = PBXGroup;
			children = (
				6839EA3A3038734E006E2AD4 /* Institution.swift */,
				6839EA3C30387358006E2AD4 /* InstitutionCategory.swift */,
				6839EA463038790C006E2AD4 /* InstitutionError.swift */,
				6839EA4830387918006E2AD4 /* InstitutionProviding.swift */,
				6839EA4A30387A74006E2AD4 /* AddInstitutionInput.swift */,
				6839EA4C30387A7F006E2AD4 /* UpdateInstitutionInput.swift */,
				687ADC30303970360004166C /* UseCases */,
			);
			path = Domain;
			sourceTree = "<group>";
		};
		6839EA3E3038743E006E2AD4 /* App */ = {
			isa = PBXGroup;
			children = (
				6839EA2E30386BAC006E2AD4 /* CatLedgerApp.swift */,
				6839EA3F3038745F006E2AD4 /* Presentation */,
			);
			path = App;
			sourceTree = "<group>";
		};
		6839EA3F3038745F006E2AD4 /* Presentation */ = {
			isa = PBXGroup;
			children = (
				6839EA2F30386BAC006E2AD4 /* ContentView.swift */,
			);
			path = Presentation;
			sourceTree = "<group>";
		};
		6839EA4230387543006E2AD4 /* Core */ = {
			isa = PBXGroup;
			children = (
				68861CAC303AF26C008E955B /* CrossFeature */,
				6839EA4330387552006E2AD4 /* Branding */,
			);
			path = Core;
			sourceTree = "<group>";
		};
		6839EA4330387552006E2AD4 /* Branding */ = {
			isa = PBXGroup;
			children = (
				6839EA4430387567006E2AD4 /* InstitutionCategory+Display.swift */,
				6839EA6030387C4F006E2AD4 /* AccountCategory+Display.swift */,
				6839EA7030388B90006E2AD4 /* TransactionCategory+Display.swift */,
			);
			path = Branding;
			sourceTree = "<group>";
		};
		6839EA4E30387B34006E2AD4 /* Account */ = {
			isa = PBXGroup;
			children = (
				6839EA4F30387B83006E2AD4 /* Domain */,
			);
			path = Account;
			sourceTree = "<group>";
		};
		6839EA4F30387B83006E2AD4 /* Domain */ = {
			isa = PBXGroup;
			children = (
				6839EA5030387BE5006E2AD4 /* Account.swift */,
				6839EA5230387BEF006E2AD4 /* AccountCategory.swift */,
				6839EA5430387BFA006E2AD4 /* AccountFilter.swift */,
				6839EA5630387C05006E2AD4 /* AccountDisplayItem.swift */,
				6839EA5830387C10006E2AD4 /* AccountError.swift */,
				6839EA5A30387C19006E2AD4 /* AccountProviding.swift */,
				6839EA5C30387C22006E2AD4 /* AccountRecencySorter.swift */,
				6839EA5E30387C34006E2AD4 /* UpdateAccountInput.swift */,
				687ADC6530397B480004166C /* UseCases */,
			);
			path = Domain;
			sourceTree = "<group>";
		};
		6839EA6230388864006E2AD4 /* Transaction */ = {
			isa = PBXGroup;
			children = (
				6839EA6330388880006E2AD4 /* Domain */,
			);
			path = Transaction;
			sourceTree = "<group>";
		};
		6839EA6330388880006E2AD4 /* Domain */ = {
			isa = PBXGroup;
			children = (
				6839EA643038888C006E2AD4 /* Transaction.swift */,
				6839EA683038889F006E2AD4 /* TransactionSplit.swift */,
				6839EA6630388895006E2AD4 /* TransactionCategory.swift */,
				6839EA6A303888B5006E2AD4 /* TransactionError.swift */,
				6839EA6C303888C1006E2AD4 /* Transaction+Effective.swift */,
				6839EA6E303888CD006E2AD4 /* TransactionProviding.swift */,
				68558A5F3039F6A700FE562D /* AddTransactionInput.swift */,
				68558A613039F6B100FE562D /* UpdateTransactionInput.swift */,
				68558A633039F6BB00FE562D /* UseCases */,
			);
			path = Domain;
			sourceTree = "<group>";
		};
		6839EA7230388EC5006E2AD4 /* Authentication */ = {
			isa = PBXGroup;
			children = (
				6839EA7330388ECA006E2AD4 /* Domain */,
				68861CEB303B48F3008E955B /* Data */,
			);
			path = Authentication;
			sourceTree = "<group>";
		};
		6839EA7330388ECA006E2AD4 /* Domain */ = {
			isa = PBXGroup;
			children = (
				6839EA7430388ED6006E2AD4 /* AuthSession.swift */,
				6839EA7630388EE0006E2AD4 /* AuthError.swift */,
				6839EA7830388EE8006E2AD4 /* AuthProviding.swift */,
				68558A883039FD2600FE562D /* UseCases */,
			);
			path = Domain;
			sourceTree = "<group>";
		};
		6839EA7A30388FDC006E2AD4 /* Profile */ = {
			isa = PBXGroup;
			children = (
				6839EA7B30388FE8006E2AD4 /* Domain */,
			);
			path = Profile;
			sourceTree = "<group>";
		};
		6839EA7B30388FE8006E2AD4 /* Domain */ = {
			isa = PBXGroup;
			children = (
				6839EA7C3038909F006E2AD4 /* Profile.swift */,
				6839EA7E303890A9006E2AD4 /* ProfileError.swift */,
				6839EA82303890B8006E2AD4 /* ProfileProviding.swift */,
				6839EA80303890B1006E2AD4 /* UpdateProfileInput.swift */,
				68558AB7303A044700FE562D /* UseCases */,
			);
			path = Domain;
			sourceTree = "<group>";
		};
		6839EA84303892AB006E2AD4 /* Transfer */ = {
			isa = PBXGroup;
			children = (
				6839EA89303892E0006E2AD4 /* Domain */,
			);
			path = Transfer;
			sourceTree = "<group>";
		};
		6839EA89303892E0006E2AD4 /* Domain */ = {
			isa = PBXGroup;
			children = (
				6839EA85303892BB006E2AD4 /* Transfer.swift */,
				6839EA87303892C4006E2AD4 /* TransferFormInput.swift */,
				68558AD1303A06F000FE562D /* UseCases */,
			);
			path = Domain;
			sourceTree = "<group>";
		};
		68558A4B3039929200FE562D /* Account */ = {
			isa = PBXGroup;
			children = (
				68558A4C303992AC00FE562D /* AccountDouble.swift */,
				68558A4E303992B400FE562D /* UseCases */,
			);
			path = Account;
			sourceTree = "<group>";
		};
		68558A4E303992B400FE562D /* UseCases */ = {
			isa = PBXGroup;
			children = (
				68558A5D303994CE00FE562D /* GetAccountTests.swift */,
				68558A51303992D500FE562D /* GetAccountsTests.swift */,
				68558A53303992DE00FE562D /* AddAccountTests.swift */,
				68558A55303992EB00FE562D /* UpdateAccountTests.swift */,
				68558A57303992F700FE562D /* ArchiveAccountTests.swift */,
				68558A593039930700FE562D /* UnarchiveAccountTests.swift */,
				68558A5B3039931100FE562D /* DeleteAccountTests.swift */,
			);
			path = UseCases;
			sourceTree = "<group>";
		};
		68558A633039F6BB00FE562D /* UseCases */ = {
			isa = PBXGroup;
			children = (
				68558A643039F6C800FE562D /* GetTransaction.swift */,
				68558A663039F6D100FE562D /* GetTransactions.swift */,
				68558A683039F6D800FE562D /* GetTransactionsByAccount.swift */,
				68558A6A3039F6E000FE562D /* GetTransactionsByCategory.swift */,
				68558A6C3039F6E700FE562D /* GetTransactionsByDateRange.swift */,
				68558A6E3039F6EF00FE562D /* AddTransaction.swift */,
				68558A703039F6F600FE562D /* UpdateTransaction.swift */,
				68558A723039F6FC00FE562D /* DeleteTransaction.swift */,
			);
			path = UseCases;
			sourceTree = "<group>";
		};
		68558A743039FAA300FE562D /* Transaction */ = {
			isa = PBXGroup;
			children = (
				68558A753039FAD100FE562D /* TransactionDouble.swift */,
				68558A773039FAD600FE562D /* UseCases */,
			);
			path = Transaction;
			sourceTree = "<group>";
		};
		68558A773039FAD600FE562D /* UseCases */ = {
			isa = PBXGroup;
			children = (
				68558A783039FAF000FE562D /* GetTransactionTests.swift */,
				68558A7A3039FAFB00FE562D /* GetTransactionsTests.swift */,
				68558A7C3039FB0600FE562D /* GetTransactionsByAccountTests.swift */,
				68558A863039FBF100FE562D /* GetTransactionsByCategoryTests.swift */,
				68558A7E3039FB1300FE562D /* GetTransactionsByDateRangeTests.swift */,
				68558A803039FB1F00FE562D /* AddTransactionTests.swift */,
				68558A823039FB2B00FE562D /* UpdateTransactionTests.swift */,
				68558A843039FB3700FE562D /* DeleteTransactionTests.swift */,
			);
			path = UseCases;
			sourceTree = "<group>";
		};
		68558A883039FD2600FE562D /* UseCases */ = {
			isa = PBXGroup;
			children = (
				68861CB6303AFEF8008E955B /* SignUp.swift */,
				68558A893039FD3000FE562D /* SignInWithEmail.swift */,
				68558A8F3039FD5600FE562D /* SignOut.swift */,
				68558A953039FD7D00FE562D /* ResetPassword.swift */,
				68558A973039FD8E00FE562D /* ResolveSession.swift */,
				68558A8D3039FD4700FE562D /* SignInAnonymously.swift */,
				68861CAE303AFAB0008E955B /* LinkAnonymousRegistration.swift */,
				68861CB4303AFB10008E955B /* ExpireAnonymousSession.swift */,
				68861CCE303B0A3B008E955B /* IsAnonymousSessionExpired.swift */,
				68861CB2303AFAE0008E955B /* DeleteRegistration.swift */,
			);
			path = UseCases;
			sourceTree = "<group>";
		};
		68558A9B3039FE4400FE562D /* Authentication */ = {
			isa = PBXGroup;
			children = (
				68558A9C3039FE5600FE562D /* AuthenticationDouble.swift */,
				68558A9E3039FE5A00FE562D /* UseCases */,
			);
			path = Authentication;
			sourceTree = "<group>";
		};
		68558A9E3039FE5A00FE562D /* UseCases */ = {
			isa = PBXGroup;
			children = (
				68861CBA303AFF1A008E955B /* SignUpTests.swift */,
				68558AB5303A005700FE562D /* SignInWithEmailTests.swift */,
				68558AA53039FE9100FE562D /* SignOutTests.swift */,
				68558AA73039FE9C00FE562D /* ResetPasswordTests.swift */,
				68558AA93039FEA800FE562D /* ResolveSessionTests.swift */,
				68558AAB3039FEB400FE562D /* SignInAnonymouslyTests.swift */,
				68861CB0303AFAC8008E955B /* LinkAnonymousRegistrationTests.swift */,
				68861CD0303B0A51008E955B /* IsAnonymousSessionExpiredTests.swift */,
				68558AAF3039FECB00FE562D /* ExpireAnonymousSessionTests.swift */,
				68558AB13039FED600FE562D /* DeleteRegistrationTests.swift */,
			);
			path = UseCases;
			sourceTree = "<group>";
		};
		68558AB7303A044700FE562D /* UseCases */ = {
			isa = PBXGroup;
			children = (
				68861CBC303B0161008E955B /* CreateProfile.swift */,
				68861CCA303B0986008E955B /* CreateAnonymousProfile.swift */,
				68558AB8303A045400FE562D /* GetCurrentProfile.swift */,
				68558ABA303A045F00FE562D /* UpdateProfile.swift */,
				68558ABC303A046A00FE562D /* DeleteProfile.swift */,
			);
			path = UseCases;
			sourceTree = "<group>";
		};
		68558ABE303A04CB00FE562D /* Profile */ = {
			isa = PBXGroup;
			children = (
				68558ABF303A04DD00FE562D /* ProfileDouble.swift */,
				68558ACA303A055200FE562D /* UseCases */,
			);
			path = Profile;
			sourceTree = "<group>";
		};
		68558ACA303A055200FE562D /* UseCases */ = {
			isa = PBXGroup;
			children = (
				68861CBE303B0179008E955B /* CreateProfileTests.swift */,
				68861CCC303B09C4008E955B /* CreateAnonymousProfileTests.swift */,
				68558ACB303A057900FE562D /* GetCurrentProfileTests.swift */,
				68558ACD303A058600FE562D /* UpdateProfileTests.swift */,
				68558ACF303A059300FE562D /* DeleteProfileTests.swift */,
			);
			path = UseCases;
			sourceTree = "<group>";
		};
		68558AD1303A06F000FE562D /* UseCases */ = {
			isa = PBXGroup;
			children = (
				68558AD2303A070800FE562D /* TransferBetweenAccounts.swift */,
				68558AD4303A071300FE562D /* UpdateTransfer.swift */,
				68558AD6303A071B00FE562D /* DeleteTransfer.swift */,
			);
			path = UseCases;
			sourceTree = "<group>";
		};
		68558AD8303A07C000FE562D /* Transfer */ = {
			isa = PBXGroup;
			children = (
				68558AD9303A07D600FE562D /* UseCases */,
			);
			path = Transfer;
			sourceTree = "<group>";
		};
		68558AD9303A07D600FE562D /* UseCases */ = {
			isa = PBXGroup;
			children = (
				68558ADA303A07E700FE562D /* TransferBetweenAccounts.swift */,
				68558ADC303A07F000FE562D /* UpdateTransfer.swift */,
				68558ADE303A07F800FE562D /* DeleteTransfer.swift */,
			);
			path = UseCases;
			sourceTree = "<group>";
		};
		687ADC30303970360004166C /* UseCases */ = {
			isa = PBXGroup;
			children = (
				687ADC31303970460004166C /* GetInstitution.swift */,
				687ADC33303970500004166C /* GetInstitutions.swift */,
				687ADC353039705A0004166C /* AddInstitution.swift */,
				687ADC37303970610004166C /* UpdateInstitution.swift */,
				687ADC393039706A0004166C /* ArchiveInstitution.swift */,
				687ADC3B303970720004166C /* UnarchiveInstitution.swift */,
				687ADC3D3039707A0004166C /* DeleteInstitution.swift */,
			);
			path = UseCases;
			sourceTree = "<group>";
		};
		687ADC4E3039724E0004166C /* CatLedgerTests */ = {
			isa = PBXGroup;
			children = (
				68861CD3303B0B11008E955B /* Features */,
				68861CD2303B0B0A008E955B /* Core */,
				687ADC4D3039724E0004166C /* TestData.swift */,
			);
			path = CatLedgerTests;
			sourceTree = "<group>";
		};
		687ADC50303973880004166C /* Institution */ = {
			isa = PBXGroup;
			children = (
				687ADC60303974630004166C /* InstitutionDouble.swift */,
				687ADC51303973950004166C /* UseCases */,
			);
			path = Institution;
			sourceTree = "<group>";
		};
		687ADC51303973950004166C /* UseCases */ = {
			isa = PBXGroup;
			children = (
				687ADC52303973B20004166C /* GetInstitutionTests.swift */,
				687ADC54303973BE0004166C /* GetInstitutionsTests.swift */,
				687ADC56303973C90004166C /* AddInstitutionTests.swift */,
				687ADC58303973D60004166C /* UpdateInstitutionTests.swift */,
				687ADC5A303973E20004166C /* ArchiveInstitutionTests.swift */,
				687ADC5C303973EF0004166C /* UnarchiveInstitutionTests.swift */,
				687ADC5E303973FB0004166C /* DeleteInstitutionTests.swift */,
			);
			path = UseCases;
			sourceTree = "<group>";
		};
		687ADC6530397B480004166C /* UseCases */ = {
			isa = PBXGroup;
			children = (
				687ADC6630397B590004166C /* GetAccount.swift */,
				687ADC6830397B640004166C /* GetAccounts.swift */,
				687ADC6A30397B730004166C /* AddAccount.swift */,
				687ADC6C30397B7B0004166C /* UpdateAccount.swift */,
				687ADC6E30397B820004166C /* ArchiveAccount.swift */,
				687ADC7030397B890004166C /* UnarchiveAccount.swift */,
				687ADC7230397B930004166C /* DeleteAccount.swift */,
			);
			path = UseCases;
			sourceTree = "<group>";
		};
		68861CAC303AF26C008E955B /* CrossFeature */ = {
			isa = PBXGroup;
			children = (
				68861CAD303AF7EE008E955B /* AuthenticationProfile */,
			);
			path = CrossFeature;
			sourceTree = "<group>";
		};
		68861CAD303AF7EE008E955B /* AuthenticationProfile */ = {
			isa = PBXGroup;
			children = (
				68861CC0303B023F008E955B /* RegisterProfile.swift */,
				68861CC2303B024A008E955B /* RegisterAnonymousProfile.swift */,
				68861CC4303B0253008E955B /* LinkAnonymousProfile.swift */,
				68861CC8303B0265008E955B /* ExpireAnonymousProfile.swift */,
				68861CC6303B025C008E955B /* DeleteFirebaseRegistration.swift */,
			);
			path = AuthenticationProfile;
			sourceTree = "<group>";
		};
		68861CD2303B0B0A008E955B /* Core */ = {
			isa = PBXGroup;
			children = (
				68861CD4303B0B56008E955B /* CrossFeature */,
			);
			path = Core;
			sourceTree = "<group>";
		};
		68861CD3303B0B11008E955B /* Features */ = {
			isa = PBXGroup;
			children = (
				68558A9B3039FE4400FE562D /* Authentication */,
				68558ABE303A04CB00FE562D /* Profile */,
				687ADC50303973880004166C /* Institution */,
				68558A4B3039929200FE562D /* Account */,
				68558A743039FAA300FE562D /* Transaction */,
				68558AD8303A07C000FE562D /* Transfer */,
			);
			path = Features;
			sourceTree = "<group>";
		};
		68861CD4303B0B56008E955B /* CrossFeature */ = {
			isa = PBXGroup;
			children = (
				68861CD7303B0B68008E955B /* AuthenticationProfile */,
			);
			path = CrossFeature;
			sourceTree = "<group>";
		};
		68861CD7303B0B68008E955B /* AuthenticationProfile */ = {
			isa = PBXGroup;
			children = (
				68861CD8303B0B71008E955B /* RegisterProfileTests.swift */,
				68861CDA303B0B78008E955B /* RegisterAnonymousProfileTests.swift */,
				68861CDC303B0B80008E955B /* LinkAnonymousProfileTests.swift */,
				68861CE0303B0B8E008E955B /* ExpireAnonymousProfileTests.swift */,
				68861CDE303B0B87008E955B /* DeleteFirebaseRegistrationTests.swift */,
			);
			path = AuthenticationProfile;
			sourceTree = "<group>";
		};
		68861CEB303B48F3008E955B /* Data */ = {
			isa = PBXGroup;
			children = (
				68861CEC303B4900008E955B /* AuthProvider.swift */,
				68861CF1303B4B53008E955B /* FirebaseAuthSource.swift */,
			);
			path = Data;
			sourceTree = "<group>";
		};
/* End PBXGroup section */

/* Begin PBXNativeTarget section */
		6839EA1E30386BA2006E2AD4 /* CatLedger */ = {
			isa = PBXNativeTarget;
			buildConfigurationList = 6839EA2A30386BA4006E2AD4 /* Build configuration list for PBXNativeTarget "CatLedger" */;
			buildPhases = (
				6839EA1B30386BA2006E2AD4 /* Sources */,
				6839EA1C30386BA2006E2AD4 /* Frameworks */,
				6839EA1D30386BA2006E2AD4 /* Resources */,
			);
			buildRules = (
			);
			dependencies = (
			);
			name = CatLedger;
			packageProductDependencies = (
				68861CE5303B1A0C008E955B /* FirebaseAuth */,
				68861CE7303B1A0C008E955B /* FirebaseCore */,
				68861CE9303B1A0C008E955B /* FirebaseFirestore */,
			);
			productName = CatLedger;
			productReference = 6839EA1F30386BA2006E2AD4 /* CatLedger.app */;
			productType = "com.apple.product-type.application";
		};
		687ADC433039722B0004166C /* CatLedgerTests */ = {
			isa = PBXNativeTarget;
			buildConfigurationList = 687ADC4A3039722B0004166C /* Build configuration list for PBXNativeTarget "CatLedgerTests" */;
			buildPhases = (
				687ADC403039722B0004166C /* Sources */,
				687ADC413039722B0004166C /* Frameworks */,
				687ADC423039722B0004166C /* Resources */,
			);
			buildRules = (
			);
			dependencies = (
				687ADC493039722B0004166C /* PBXTargetDependency */,
			);
			name = CatLedgerTests;
			packageProductDependencies = (
			);
			productName = CatLedgerTests;
			productReference = 687ADC443039722B0004166C /* CatLedgerTests.xctest */;
			productType = "com.apple.product-type.bundle.unit-test";
		};
/* End PBXNativeTarget section */

/* Begin PBXProject section */
		6839EA1730386BA2006E2AD4 /* Project object */ = {
			isa = PBXProject;
			attributes = {
				BuildIndependentTargetsInParallel = 1;
				LastSwiftUpdateCheck = 2660;
				LastUpgradeCheck = 2660;
				TargetAttributes = {
					6839EA1E30386BA2006E2AD4 = {
						CreatedOnToolsVersion = 26.6;
					};
					687ADC433039722B0004166C = {
						CreatedOnToolsVersion = 26.6;
						TestTargetID = 6839EA1E30386BA2006E2AD4;
					};
				};
			};
			buildConfigurationList = 6839EA1A30386BA2006E2AD4 /* Build configuration list for PBXProject "CatLedger" */;
			developmentRegion = en;
			hasScannedForEncodings = 0;
			knownRegions = (
				en,
				Base,
			);
			mainGroup = 6839EA1630386BA2006E2AD4;
			minimizedProjectReferenceProxies = 1;
			packageReferences = (
				68861CE4303B1A0C008E955B /* XCRemoteSwiftPackageReference "firebase-ios-sdk" */,
			);
			preferredProjectObjectVersion = 77;
			productRefGroup = 6839EA2030386BA2006E2AD4 /* Products */;
			projectDirPath = "";
			projectRoot = "";
			targets = (
				6839EA1E30386BA2006E2AD4 /* CatLedger */,
				687ADC433039722B0004166C /* CatLedgerTests */,
			);
		};
/* End PBXProject section */

/* Begin PBXResourcesBuildPhase section */
		6839EA1D30386BA2006E2AD4 /* Resources */ = {
			isa = PBXResourcesBuildPhase;
			buildActionMask = 2147483647;
			files = (
				6839EA3330386BAC006E2AD4 /* Assets.xcassets in Resources */,
				68861CE3303B18E5008E955B /* GoogleService-Info.plist in Resources */,
				6839EA3630386BCE006E2AD4 /* Version.xcconfig in Resources */,
				6839EA41303874A2006E2AD4 /* Localizable.xcstrings in Resources */,
			);
			runOnlyForDeploymentPostprocessing = 0;
		};
		687ADC423039722B0004166C /* Resources */ = {
			isa = PBXResourcesBuildPhase;
			buildActionMask = 2147483647;
			files = (
			);
			runOnlyForDeploymentPostprocessing = 0;
		};
/* End PBXResourcesBuildPhase section */

/* Begin PBXSourcesBuildPhase section */
		6839EA1B30386BA2006E2AD4 /* Sources */ = {
			isa = PBXSourcesBuildPhase;
			buildActionMask = 2147483647;
			files = (
				6839EA3D30387358006E2AD4 /* InstitutionCategory.swift in Sources */,
				6839EA4930387918006E2AD4 /* InstitutionProviding.swift in Sources */,
				68558A603039F6A700FE562D /* AddTransactionInput.swift in Sources */,
				6839EA5330387BEF006E2AD4 /* AccountCategory.swift in Sources */,
				6839EA88303892C4006E2AD4 /* TransferFormInput.swift in Sources */,
				6839EA3B3038734E006E2AD4 /* Institution.swift in Sources */,
				687ADC32303970460004166C /* GetInstitution.swift in Sources */,
				687ADC3E3039707A0004166C /* DeleteInstitution.swift in Sources */,
				687ADC6930397B640004166C /* GetAccounts.swift in Sources */,
				6839EA6D303888C1006E2AD4 /* Transaction+Effective.swift in Sources */,
				6839EA6730388895006E2AD4 /* TransactionCategory.swift in Sources */,
				68861CF2303B4B53008E955B /* FirebaseAuthSource.swift in Sources */,
				68558AB9303A045400FE562D /* GetCurrentProfile.swift in Sources */,
				68558A6D3039F6E700FE562D /* GetTransactionsByDateRange.swift in Sources */,
				6839EA7930388EE8006E2AD4 /* AuthProviding.swift in Sources */,
				6839EA86303892BB006E2AD4 /* Transfer.swift in Sources */,
				6839EA6B303888B5006E2AD4 /* TransactionError.swift in Sources */,
				687ADC38303970610004166C /* UpdateInstitution.swift in Sources */,
				687ADC3C303970720004166C /* UnarchiveInstitution.swift in Sources */,
				6839EA7D3038909F006E2AD4 /* Profile.swift in Sources */,
				68558A983039FD8E00FE562D /* ResolveSession.swift in Sources */,
				6839EA6130387C4F006E2AD4 /* AccountCategory+Display.swift in Sources */,
				68558A6B3039F6E000FE562D /* GetTransactionsByCategory.swift in Sources */,
				68861CAF303AFAB0008E955B /* LinkAnonymousRegistration.swift in Sources */,
				68558A623039F6B100FE562D /* UpdateTransactionInput.swift in Sources */,
				687ADC34303970500004166C /* GetInstitutions.swift in Sources */,
				6839EA3130386BAC006E2AD4 /* CatLedgerApp.swift in Sources */,
				687ADC363039705A0004166C /* AddInstitution.swift in Sources */,
				68558A8E3039FD4700FE562D /* SignInAnonymously.swift in Sources */,
				6839EA4D30387A7F006E2AD4 /* UpdateInstitutionInput.swift in Sources */,
				68558ABB303A045F00FE562D /* UpdateProfile.swift in Sources */,
				6839EA5B30387C19006E2AD4 /* AccountProviding.swift in Sources */,
				6839EA81303890B1006E2AD4 /* UpdateProfileInput.swift in Sources */,
				68558A903039FD5600FE562D /* SignOut.swift in Sources */,
				68861CBD303B0161008E955B /* CreateProfile.swift in Sources */,
				6839EA5130387BE5006E2AD4 /* Account.swift in Sources */,
				68558AD7303A071B00FE562D /* DeleteTransfer.swift in Sources */,
				68558A8A3039FD3000FE562D /* SignInWithEmail.swift in Sources */,
				68558A693039F6D800FE562D /* GetTransactionsByAccount.swift in Sources */,
				6839EA3230386BAC006E2AD4 /* ContentView.swift in Sources */,
				68558A6F3039F6EF00FE562D /* AddTransaction.swift in Sources */,
				6839EA4530387567006E2AD4 /* InstitutionCategory+Display.swift in Sources */,
				68558A713039F6F600FE562D /* UpdateTransaction.swift in Sources */,
				68861CED303B4900008E955B /* AuthProvider.swift in Sources */,
				687ADC6F30397B820004166C /* ArchiveAccount.swift in Sources */,
				6839EA653038888C006E2AD4 /* Transaction.swift in Sources */,
				68558AD3303A070800FE562D /* TransferBetweenAccounts.swift in Sources */,
				687ADC6730397B590004166C /* GetAccount.swift in Sources */,
				6839EA7730388EE0006E2AD4 /* AuthError.swift in Sources */,
				6839EA5D30387C22006E2AD4 /* AccountRecencySorter.swift in Sources */,
				687ADC6D30397B7B0004166C /* UpdateAccount.swift in Sources */,
				6839EA5530387BFA006E2AD4 /* AccountFilter.swift in Sources */,
				68861CC7303B025C008E955B /* DeleteFirebaseRegistration.swift in Sources */,
				6839EA473038790C006E2AD4 /* InstitutionError.swift in Sources */,
				68558ABD303A046A00FE562D /* DeleteProfile.swift in Sources */,
				68861CCB303B0986008E955B /* CreateAnonymousProfile.swift in Sources */,
				68861CC3303B024A008E955B /* RegisterAnonymousProfile.swift in Sources */,
				68558A963039FD7D00FE562D /* ResetPassword.swift in Sources */,
				68558A733039F6FC00FE562D /* DeleteTransaction.swift in Sources */,
				6839EA693038889F006E2AD4 /* TransactionSplit.swift in Sources */,
				68861CB7303AFEF8008E955B /* SignUp.swift in Sources */,
				6839EA4B30387A74006E2AD4 /* AddInstitutionInput.swift in Sources */,
				6839EA7F303890A9006E2AD4 /* ProfileError.swift in Sources */,
				68861CC5303B0253008E955B /* LinkAnonymousProfile.swift in Sources */,
				68861CC9303B0265008E955B /* ExpireAnonymousProfile.swift in Sources */,
				687ADC7330397B930004166C /* DeleteAccount.swift in Sources */,
				68558A653039F6C800FE562D /* GetTransaction.swift in Sources */,
				6839EA5930387C10006E2AD4 /* AccountError.swift in Sources */,
				6839EA7130388B90006E2AD4 /* TransactionCategory+Display.swift in Sources */,
				687ADC6B30397B730004166C /* AddAccount.swift in Sources */,
				68558AD5303A071300FE562D /* UpdateTransfer.swift in Sources */,
				687ADC3A3039706A0004166C /* ArchiveInstitution.swift in Sources */,
				68861CCF303B0A3B008E955B /* IsAnonymousSessionExpired.swift in Sources */,
				68558A673039F6D100FE562D /* GetTransactions.swift in Sources */,
				6839EA6F303888CD006E2AD4 /* TransactionProviding.swift in Sources */,
				68861CB5303AFB10008E955B /* ExpireAnonymousSession.swift in Sources */,
				68861CC1303B023F008E955B /* RegisterProfile.swift in Sources */,
				6839EA5730387C05006E2AD4 /* AccountDisplayItem.swift in Sources */,
				6839EA7530388ED6006E2AD4 /* AuthSession.swift in Sources */,
				687ADC7130397B890004166C /* UnarchiveAccount.swift in Sources */,
				6839EA5F30387C34006E2AD4 /* UpdateAccountInput.swift in Sources */,
				68861CB3303AFAE0008E955B /* DeleteRegistration.swift in Sources */,
				6839EA83303890B8006E2AD4 /* ProfileProviding.swift in Sources */,
			);
			runOnlyForDeploymentPostprocessing = 0;
		};
		687ADC403039722B0004166C /* Sources */ = {
			isa = PBXSourcesBuildPhase;
			buildActionMask = 2147483647;
			files = (
				68861CB1303AFAC8008E955B /* LinkAnonymousRegistrationTests.swift in Sources */,
				68558AB6303A005700FE562D /* SignInWithEmailTests.swift in Sources */,
				68558A9D3039FE5600FE562D /* AuthenticationDouble.swift in Sources */,
				68558A54303992DE00FE562D /* AddAccountTests.swift in Sources */,
				68558ACC303A057900FE562D /* GetCurrentProfileTests.swift in Sources */,
				68861CE1303B0B8E008E955B /* ExpireAnonymousProfileTests.swift in Sources */,
				68861CD9303B0B71008E955B /* RegisterProfileTests.swift in Sources */,
				68558A7B3039FAFB00FE562D /* GetTransactionsTests.swift in Sources */,
				68558ADF303A07F800FE562D /* DeleteTransfer.swift in Sources */,
				68861CBF303B0179008E955B /* CreateProfileTests.swift in Sources */,
				687ADC4F3039724E0004166C /* TestData.swift in Sources */,
				68558A853039FB3700FE562D /* DeleteTransactionTests.swift in Sources */,
				68558A5E303994CE00FE562D /* GetAccountTests.swift in Sources */,
				687ADC59303973D60004166C /* UpdateInstitutionTests.swift in Sources */,
				687ADC5D303973EF0004166C /* UnarchiveInstitutionTests.swift in Sources */,
				68558A5C3039931100FE562D /* DeleteAccountTests.swift in Sources */,
				687ADC55303973BE0004166C /* GetInstitutionsTests.swift in Sources */,
				68861CDB303B0B78008E955B /* RegisterAnonymousProfileTests.swift in Sources */,
				68558ACE303A058600FE562D /* UpdateProfileTests.swift in Sources */,
				68861CDD303B0B80008E955B /* LinkAnonymousProfileTests.swift in Sources */,
				68558A813039FB1F00FE562D /* AddTransactionTests.swift in Sources */,
				68558ADD303A07F000FE562D /* UpdateTransfer.swift in Sources */,
				68861CD1303B0A51008E955B /* IsAnonymousSessionExpiredTests.swift in Sources */,
				68558AAA3039FEA800FE562D /* ResolveSessionTests.swift in Sources */,
				68558A873039FBF100FE562D /* GetTransactionsByCategoryTests.swift in Sources */,
				687ADC5B303973E20004166C /* ArchiveInstitutionTests.swift in Sources */,
				68861CBB303AFF1A008E955B /* SignUpTests.swift in Sources */,
				687ADC57303973C90004166C /* AddInstitutionTests.swift in Sources */,
				68558A56303992EB00FE562D /* UpdateAccountTests.swift in Sources */,
				68558A4D303992AC00FE562D /* AccountDouble.swift in Sources */,
				68558AD0303A059300FE562D /* DeleteProfileTests.swift in Sources */,
				68558AB23039FED600FE562D /* DeleteRegistrationTests.swift in Sources */,
				68558A58303992F700FE562D /* ArchiveAccountTests.swift in Sources */,
				68558A793039FAF000FE562D /* GetTransactionTests.swift in Sources */,
				68558A7F3039FB1300FE562D /* GetTransactionsByDateRangeTests.swift in Sources */,
				68558AA63039FE9100FE562D /* SignOutTests.swift in Sources */,
				68558ADB303A07E700FE562D /* TransferBetweenAccounts.swift in Sources */,
				68558A5A3039930700FE562D /* UnarchiveAccountTests.swift in Sources */,
				68558A52303992D500FE562D /* GetAccountsTests.swift in Sources */,
				687ADC53303973B20004166C /* GetInstitutionTests.swift in Sources */,
				68558AC0303A04DD00FE562D /* ProfileDouble.swift in Sources */,
				68558A833039FB2B00FE562D /* UpdateTransactionTests.swift in Sources */,
				68558A7D3039FB0600FE562D /* GetTransactionsByAccountTests.swift in Sources */,
				68861CDF303B0B87008E955B /* DeleteFirebaseRegistrationTests.swift in Sources */,
				68558AAC3039FEB400FE562D /* SignInAnonymouslyTests.swift in Sources */,
				68861CCD303B09C4008E955B /* CreateAnonymousProfileTests.swift in Sources */,
				68558A763039FAD100FE562D /* TransactionDouble.swift in Sources */,
				687ADC61303974630004166C /* InstitutionDouble.swift in Sources */,
				687ADC5F303973FB0004166C /* DeleteInstitutionTests.swift in Sources */,
				68558AB03039FECB00FE562D /* ExpireAnonymousSessionTests.swift in Sources */,
				68558AA83039FE9D00FE562D /* ResetPasswordTests.swift in Sources */,
			);
			runOnlyForDeploymentPostprocessing = 0;
		};
/* End PBXSourcesBuildPhase section */

/* Begin PBXTargetDependency section */
		687ADC493039722B0004166C /* PBXTargetDependency */ = {
			isa = PBXTargetDependency;
			target = 6839EA1E30386BA2006E2AD4 /* CatLedger */;
			targetProxy = 687ADC483039722B0004166C /* PBXContainerItemProxy */;
		};
/* End PBXTargetDependency section */

/* Begin XCBuildConfiguration section */
		6839EA2830386BA4006E2AD4 /* Debug */ = {
			isa = XCBuildConfiguration;
			baseConfigurationReference = 6839EA3530386BCE006E2AD4 /* Version.xcconfig */;
			buildSettings = {
				ALWAYS_SEARCH_USER_PATHS = NO;
				ASSETCATALOG_COMPILER_GENERATE_SWIFT_ASSET_SYMBOL_EXTENSIONS = YES;
				CLANG_ANALYZER_NONNULL = YES;
				CLANG_ANALYZER_NUMBER_OBJECT_CONVERSION = YES_AGGRESSIVE;
				CLANG_CXX_LANGUAGE_STANDARD = "gnu++20";
				CLANG_ENABLE_MODULES = YES;
				CLANG_ENABLE_OBJC_ARC = YES;
				CLANG_ENABLE_OBJC_WEAK = YES;
				CLANG_WARN_BLOCK_CAPTURE_AUTORELEASING = YES;
				CLANG_WARN_BOOL_CONVERSION = YES;
				CLANG_WARN_COMMA = YES;
				CLANG_WARN_CONSTANT_CONVERSION = YES;
				CLANG_WARN_DEPRECATED_OBJC_IMPLEMENTATIONS = YES;
				CLANG_WARN_DIRECT_OBJC_ISA_USAGE = YES_ERROR;
				CLANG_WARN_DOCUMENTATION_COMMENTS = YES;
				CLANG_WARN_EMPTY_BODY = YES;
				CLANG_WARN_ENUM_CONVERSION = YES;
				CLANG_WARN_INFINITE_RECURSION = YES;
				CLANG_WARN_INT_CONVERSION = YES;
				CLANG_WARN_NON_LITERAL_NULL_CONVERSION = YES;
				CLANG_WARN_OBJC_IMPLICIT_RETAIN_SELF = YES;
				CLANG_WARN_OBJC_LITERAL_CONVERSION = YES;
				CLANG_WARN_OBJC_ROOT_CLASS = YES_ERROR;
				CLANG_WARN_QUOTED_INCLUDE_IN_FRAMEWORK_HEADER = YES;
				CLANG_WARN_RANGE_LOOP_ANALYSIS = YES;
				CLANG_WARN_STRICT_PROTOTYPES = YES;
				CLANG_WARN_SUSPICIOUS_MOVE = YES;
				CLANG_WARN_UNGUARDED_AVAILABILITY = YES_AGGRESSIVE;
				CLANG_WARN_UNREACHABLE_CODE = YES;
				CLANG_WARN__DUPLICATE_METHOD_MATCH = YES;
				COPY_PHASE_STRIP = NO;
				DEBUG_INFORMATION_FORMAT = dwarf;
				DEVELOPMENT_TEAM = A9J8B8CPN4;
				ENABLE_STRICT_OBJC_MSGSEND = YES;
				ENABLE_TESTABILITY = YES;
				ENABLE_USER_SCRIPT_SANDBOXING = YES;
				GCC_C_LANGUAGE_STANDARD = gnu17;
				GCC_DYNAMIC_NO_PIC = NO;
				GCC_NO_COMMON_BLOCKS = YES;
				GCC_OPTIMIZATION_LEVEL = 0;
				GCC_PREPROCESSOR_DEFINITIONS = (
					"DEBUG=1",
					"$(inherited)",
				);
				GCC_WARN_64_TO_32_BIT_CONVERSION = YES;
				GCC_WARN_ABOUT_RETURN_TYPE = YES_ERROR;
				GCC_WARN_UNDECLARED_SELECTOR = YES;
				GCC_WARN_UNINITIALIZED_AUTOS = YES_AGGRESSIVE;
				GCC_WARN_UNUSED_FUNCTION = YES;
				GCC_WARN_UNUSED_VARIABLE = YES;
				LOCALIZATION_PREFERS_STRING_CATALOGS = YES;
				MTL_ENABLE_DEBUG_INFO = INCLUDE_SOURCE;
				MTL_FAST_MATH = YES;
				ONLY_ACTIVE_ARCH = YES;
				SWIFT_ACTIVE_COMPILATION_CONDITIONS = "DEBUG $(inherited)";
				SWIFT_EMIT_LOC_STRINGS = YES;
				SWIFT_OPTIMIZATION_LEVEL = "-Onone";
			};
			name = Debug;
		};
		6839EA2930386BA4006E2AD4 /* Release */ = {
			isa = XCBuildConfiguration;
			baseConfigurationReference = 6839EA3530386BCE006E2AD4 /* Version.xcconfig */;
			buildSettings = {
				ALWAYS_SEARCH_USER_PATHS = NO;
				ASSETCATALOG_COMPILER_GENERATE_SWIFT_ASSET_SYMBOL_EXTENSIONS = YES;
				CLANG_ANALYZER_NONNULL = YES;
				CLANG_ANALYZER_NUMBER_OBJECT_CONVERSION = YES_AGGRESSIVE;
				CLANG_CXX_LANGUAGE_STANDARD = "gnu++20";
				CLANG_ENABLE_MODULES = YES;
				CLANG_ENABLE_OBJC_ARC = YES;
				CLANG_ENABLE_OBJC_WEAK = YES;
				CLANG_WARN_BLOCK_CAPTURE_AUTORELEASING = YES;
				CLANG_WARN_BOOL_CONVERSION = YES;
				CLANG_WARN_COMMA = YES;
				CLANG_WARN_CONSTANT_CONVERSION = YES;
				CLANG_WARN_DEPRECATED_OBJC_IMPLEMENTATIONS = YES;
				CLANG_WARN_DIRECT_OBJC_ISA_USAGE = YES_ERROR;
				CLANG_WARN_DOCUMENTATION_COMMENTS = YES;
				CLANG_WARN_EMPTY_BODY = YES;
				CLANG_WARN_ENUM_CONVERSION = YES;
				CLANG_WARN_INFINITE_RECURSION = YES;
				CLANG_WARN_INT_CONVERSION = YES;
				CLANG_WARN_NON_LITERAL_NULL_CONVERSION = YES;
				CLANG_WARN_OBJC_IMPLICIT_RETAIN_SELF = YES;
				CLANG_WARN_OBJC_LITERAL_CONVERSION = YES;
				CLANG_WARN_OBJC_ROOT_CLASS = YES_ERROR;
				CLANG_WARN_QUOTED_INCLUDE_IN_FRAMEWORK_HEADER = YES;
				CLANG_WARN_RANGE_LOOP_ANALYSIS = YES;
				CLANG_WARN_STRICT_PROTOTYPES = YES;
				CLANG_WARN_SUSPICIOUS_MOVE = YES;
				CLANG_WARN_UNGUARDED_AVAILABILITY = YES_AGGRESSIVE;
				CLANG_WARN_UNREACHABLE_CODE = YES;
				CLANG_WARN__DUPLICATE_METHOD_MATCH = YES;
				COPY_PHASE_STRIP = NO;
				DEBUG_INFORMATION_FORMAT = "dwarf-with-dsym";
				DEVELOPMENT_TEAM = A9J8B8CPN4;
				ENABLE_NS_ASSERTIONS = NO;
				ENABLE_STRICT_OBJC_MSGSEND = YES;
				ENABLE_USER_SCRIPT_SANDBOXING = YES;
				GCC_C_LANGUAGE_STANDARD = gnu17;
				GCC_NO_COMMON_BLOCKS = YES;
				GCC_WARN_64_TO_32_BIT_CONVERSION = YES;
				GCC_WARN_ABOUT_RETURN_TYPE = YES_ERROR;
				GCC_WARN_UNDECLARED_SELECTOR = YES;
				GCC_WARN_UNINITIALIZED_AUTOS = YES_AGGRESSIVE;
				GCC_WARN_UNUSED_FUNCTION = YES;
				GCC_WARN_UNUSED_VARIABLE = YES;
				LOCALIZATION_PREFERS_STRING_CATALOGS = YES;
				MTL_ENABLE_DEBUG_INFO = NO;
				MTL_FAST_MATH = YES;
				SWIFT_COMPILATION_MODE = wholemodule;
				SWIFT_EMIT_LOC_STRINGS = YES;
			};
			name = Release;
		};
		6839EA2B30386BA4006E2AD4 /* Debug */ = {
			isa = XCBuildConfiguration;
			buildSettings = {
				ASSETCATALOG_COMPILER_APPICON_NAME = AppIcon;
				ASSETCATALOG_COMPILER_GLOBAL_ACCENT_COLOR_NAME = AccentColor;
				CODE_SIGN_STYLE = Automatic;
				CURRENT_PROJECT_VERSION = 1;
				DEVELOPMENT_TEAM = A9J8B8CPN4;
				ENABLE_APP_SANDBOX = YES;
				ENABLE_HARDENED_RUNTIME = YES;
				ENABLE_PREVIEWS = YES;
				ENABLE_USER_SELECTED_FILES = readonly;
				GENERATE_INFOPLIST_FILE = YES;
				INFOPLIST_KEY_LSApplicationCategoryType = "public.app-category.finance";
				"INFOPLIST_KEY_UIApplicationSceneManifest_Generation[sdk=iphoneos*]" = YES;
				"INFOPLIST_KEY_UIApplicationSceneManifest_Generation[sdk=iphonesimulator*]" = YES;
				"INFOPLIST_KEY_UIApplicationSupportsIndirectInputEvents[sdk=iphoneos*]" = YES;
				"INFOPLIST_KEY_UIApplicationSupportsIndirectInputEvents[sdk=iphonesimulator*]" = YES;
				"INFOPLIST_KEY_UILaunchScreen_Generation[sdk=iphoneos*]" = YES;
				"INFOPLIST_KEY_UILaunchScreen_Generation[sdk=iphonesimulator*]" = YES;
				INFOPLIST_KEY_UIStatusBarStyle = UIStatusBarStyleDarkContent;
				"INFOPLIST_KEY_UIStatusBarStyle[sdk=iphoneos*]" = UIStatusBarStyleDefault;
				"INFOPLIST_KEY_UIStatusBarStyle[sdk=iphonesimulator*]" = UIStatusBarStyleDefault;
				INFOPLIST_KEY_UISupportedInterfaceOrientations_iPad = "UIInterfaceOrientationPortrait UIInterfaceOrientationPortraitUpsideDown UIInterfaceOrientationLandscapeLeft UIInterfaceOrientationLandscapeRight";
				INFOPLIST_KEY_UISupportedInterfaceOrientations_iPhone = "UIInterfaceOrientationPortrait UIInterfaceOrientationLandscapeLeft UIInterfaceOrientationLandscapeRight";
				IPHONEOS_DEPLOYMENT_TARGET = 18.6;
				LD_RUNPATH_SEARCH_PATHS = "@executable_path/Frameworks";
				"LD_RUNPATH_SEARCH_PATHS[sdk=macosx*]" = "@executable_path/../Frameworks";
				MACOSX_DEPLOYMENT_TARGET = 26.4;
				PRODUCT_BUNDLE_IDENTIFIER = com.juliencotte.CatLedger;
				"PRODUCT_BUNDLE_IDENTIFIER[sdk=macosx*]" = com.juliencotte.catLedger;
				PRODUCT_NAME = "$(TARGET_NAME)";
				REGISTER_APP_GROUPS = YES;
				SDKROOT = auto;
				STRING_CATALOG_GENERATE_SYMBOLS = YES;
				SUPPORTED_PLATFORMS = "iphoneos iphonesimulator macosx xros xrsimulator";
				SWIFT_APPROACHABLE_CONCURRENCY = YES;
				SWIFT_DEFAULT_ACTOR_ISOLATION = MainActor;
				SWIFT_EMIT_LOC_STRINGS = YES;
				SWIFT_UPCOMING_FEATURE_MEMBER_IMPORT_VISIBILITY = YES;
				SWIFT_VERSION = 5.0;
				TARGETED_DEVICE_FAMILY = "1,2,7";
				XROS_DEPLOYMENT_TARGET = 26.5;
			};
			name = Debug;
		};
		6839EA2C30386BA4006E2AD4 /* Release */ = {
			isa = XCBuildConfiguration;
			buildSettings = {
				ASSETCATALOG_COMPILER_APPICON_NAME = AppIcon;
				ASSETCATALOG_COMPILER_GLOBAL_ACCENT_COLOR_NAME = AccentColor;
				CODE_SIGN_STYLE = Automatic;
				CURRENT_PROJECT_VERSION = 1;
				DEVELOPMENT_TEAM = A9J8B8CPN4;
				ENABLE_APP_SANDBOX = YES;
				ENABLE_HARDENED_RUNTIME = YES;
				ENABLE_PREVIEWS = YES;
				ENABLE_USER_SELECTED_FILES = readonly;
				GENERATE_INFOPLIST_FILE = YES;
				INFOPLIST_KEY_LSApplicationCategoryType = "public.app-category.finance";
				"INFOPLIST_KEY_UIApplicationSceneManifest_Generation[sdk=iphoneos*]" = YES;
				"INFOPLIST_KEY_UIApplicationSceneManifest_Generation[sdk=iphonesimulator*]" = YES;
				"INFOPLIST_KEY_UIApplicationSupportsIndirectInputEvents[sdk=iphoneos*]" = YES;
				"INFOPLIST_KEY_UIApplicationSupportsIndirectInputEvents[sdk=iphonesimulator*]" = YES;
				"INFOPLIST_KEY_UILaunchScreen_Generation[sdk=iphoneos*]" = YES;
				"INFOPLIST_KEY_UILaunchScreen_Generation[sdk=iphonesimulator*]" = YES;
				INFOPLIST_KEY_UIStatusBarStyle = UIStatusBarStyleDarkContent;
				"INFOPLIST_KEY_UIStatusBarStyle[sdk=iphoneos*]" = UIStatusBarStyleDefault;
				"INFOPLIST_KEY_UIStatusBarStyle[sdk=iphonesimulator*]" = UIStatusBarStyleDefault;
				INFOPLIST_KEY_UISupportedInterfaceOrientations_iPad = "UIInterfaceOrientationPortrait UIInterfaceOrientationPortraitUpsideDown UIInterfaceOrientationLandscapeLeft UIInterfaceOrientationLandscapeRight";
				INFOPLIST_KEY_UISupportedInterfaceOrientations_iPhone = "UIInterfaceOrientationPortrait UIInterfaceOrientationLandscapeLeft UIInterfaceOrientationLandscapeRight";
				IPHONEOS_DEPLOYMENT_TARGET = 18.6;
				LD_RUNPATH_SEARCH_PATHS = "@executable_path/Frameworks";
				"LD_RUNPATH_SEARCH_PATHS[sdk=macosx*]" = "@executable_path/../Frameworks";
				MACOSX_DEPLOYMENT_TARGET = 26.4;
				PRODUCT_BUNDLE_IDENTIFIER = com.juliencotte.CatLedger;
				"PRODUCT_BUNDLE_IDENTIFIER[sdk=macosx*]" = com.juliencotte.catLedger;
				PRODUCT_NAME = "$(TARGET_NAME)";
				REGISTER_APP_GROUPS = YES;
				SDKROOT = auto;
				STRING_CATALOG_GENERATE_SYMBOLS = YES;
				SUPPORTED_PLATFORMS = "iphoneos iphonesimulator macosx xros xrsimulator";
				SWIFT_APPROACHABLE_CONCURRENCY = YES;
				SWIFT_DEFAULT_ACTOR_ISOLATION = MainActor;
				SWIFT_EMIT_LOC_STRINGS = YES;
				SWIFT_UPCOMING_FEATURE_MEMBER_IMPORT_VISIBILITY = YES;
				SWIFT_VERSION = 5.0;
				TARGETED_DEVICE_FAMILY = "1,2,7";
				XROS_DEPLOYMENT_TARGET = 26.5;
			};
			name = Release;
		};
		687ADC4B3039722B0004166C /* Debug */ = {
			isa = XCBuildConfiguration;
			buildSettings = {
				BUNDLE_LOADER = "$(TEST_HOST)";
				CODE_SIGN_STYLE = Automatic;
				CURRENT_PROJECT_VERSION = 1;
				DEVELOPMENT_TEAM = A9J8B8CPN4;
				GENERATE_INFOPLIST_FILE = YES;
				IPHONEOS_DEPLOYMENT_TARGET = 18.6;
				MARKETING_VERSION = 1.0;
				PRODUCT_BUNDLE_IDENTIFIER = com.juliencotte.CatLedger.CatLedgerTests;
				PRODUCT_NAME = "$(TARGET_NAME)";
				SDKROOT = iphoneos;
				STRING_CATALOG_GENERATE_SYMBOLS = NO;
				SWIFT_APPROACHABLE_CONCURRENCY = YES;
				SWIFT_EMIT_LOC_STRINGS = NO;
				SWIFT_UPCOMING_FEATURE_MEMBER_IMPORT_VISIBILITY = YES;
				SWIFT_VERSION = 5.0;
				TARGETED_DEVICE_FAMILY = "1,2";
				TEST_HOST = "$(BUILT_PRODUCTS_DIR)/CatLedger.app/$(BUNDLE_EXECUTABLE_FOLDER_PATH)/CatLedger";
			};
			name = Debug;
		};
		687ADC4C3039722B0004166C /* Release */ = {
			isa = XCBuildConfiguration;
			buildSettings = {
				BUNDLE_LOADER = "$(TEST_HOST)";
				CODE_SIGN_STYLE = Automatic;
				CURRENT_PROJECT_VERSION = 1;
				DEVELOPMENT_TEAM = A9J8B8CPN4;
				GENERATE_INFOPLIST_FILE = YES;
				IPHONEOS_DEPLOYMENT_TARGET = 18.6;
				MARKETING_VERSION = 1.0;
				PRODUCT_BUNDLE_IDENTIFIER = com.juliencotte.CatLedger.CatLedgerTests;
				PRODUCT_NAME = "$(TARGET_NAME)";
				SDKROOT = iphoneos;
				STRING_CATALOG_GENERATE_SYMBOLS = NO;
				SWIFT_APPROACHABLE_CONCURRENCY = YES;
				SWIFT_EMIT_LOC_STRINGS = NO;
				SWIFT_UPCOMING_FEATURE_MEMBER_IMPORT_VISIBILITY = YES;
				SWIFT_VERSION = 5.0;
				TARGETED_DEVICE_FAMILY = "1,2";
				TEST_HOST = "$(BUILT_PRODUCTS_DIR)/CatLedger.app/$(BUNDLE_EXECUTABLE_FOLDER_PATH)/CatLedger";
				VALIDATE_PRODUCT = YES;
			};
			name = Release;
		};
/* End XCBuildConfiguration section */

/* Begin XCConfigurationList section */
		6839EA1A30386BA2006E2AD4 /* Build configuration list for PBXProject "CatLedger" */ = {
			isa = XCConfigurationList;
			buildConfigurations = (
				6839EA2830386BA4006E2AD4 /* Debug */,
				6839EA2930386BA4006E2AD4 /* Release */,
			);
			defaultConfigurationIsVisible = 0;
			defaultConfigurationName = Release;
		};
		6839EA2A30386BA4006E2AD4 /* Build configuration list for PBXNativeTarget "CatLedger" */ = {
			isa = XCConfigurationList;
			buildConfigurations = (
				6839EA2B30386BA4006E2AD4 /* Debug */,
				6839EA2C30386BA4006E2AD4 /* Release */,
			);
			defaultConfigurationIsVisible = 0;
			defaultConfigurationName = Release;
		};
		687ADC4A3039722B0004166C /* Build configuration list for PBXNativeTarget "CatLedgerTests" */ = {
			isa = XCConfigurationList;
			buildConfigurations = (
				687ADC4B3039722B0004166C /* Debug */,
				687ADC4C3039722B0004166C /* Release */,
			);
			defaultConfigurationIsVisible = 0;
			defaultConfigurationName = Release;
		};
/* End XCConfigurationList section */

/* Begin XCRemoteSwiftPackageReference section */
		68861CE4303B1A0C008E955B /* XCRemoteSwiftPackageReference "firebase-ios-sdk" */ = {
			isa = XCRemoteSwiftPackageReference;
			repositoryURL = "https://github.com/firebase/firebase-ios-sdk";
			requirement = {
				kind = upToNextMajorVersion;
				minimumVersion = 12.18.0;
			};
		};
/* End XCRemoteSwiftPackageReference section */

/* Begin XCSwiftPackageProductDependency section */
		68861CE5303B1A0C008E955B /* FirebaseAuth */ = {
			isa = XCSwiftPackageProductDependency;
			package = 68861CE4303B1A0C008E955B /* XCRemoteSwiftPackageReference "firebase-ios-sdk" */;
			productName = FirebaseAuth;
		};
		68861CE7303B1A0C008E955B /* FirebaseCore */ = {
			isa = XCSwiftPackageProductDependency;
			package = 68861CE4303B1A0C008E955B /* XCRemoteSwiftPackageReference "firebase-ios-sdk" */;
			productName = FirebaseCore;
		};
		68861CE9303B1A0C008E955B /* FirebaseFirestore */ = {
			isa = XCSwiftPackageProductDependency;
			package = 68861CE4303B1A0C008E955B /* XCRemoteSwiftPackageReference "firebase-ios-sdk" */;
			productName = FirebaseFirestore;
		};
/* End XCSwiftPackageProductDependency section */
	};
	rootObject = 6839EA1730386BA2006E2AD4 /* Project object */;
}
