// !$*UTF8*$!
{
	archiveVersion = 1;
	classes = {
	};
	objectVersion = 77;
	objects = {

/* Begin PBXBuildFile section */
		6839EA3130386BAC006E2AD4 /* CatLedgerApp.swift in Sources */ = {isa = PBXBuildFile; fileRef = 6839EA2E30386BAC006E2AD4 /* CatLedgerApp.swift */; };
		6839EA3230386BAC006E2AD4 /* ContentView.swift in Sources */ = {isa = PBXBuildFile; fileRef = 6839EA2F30386BAC006E2AD4 /* ContentView.swift */; };
		6839EA3330386BAC006E2AD4 /* Assets.xcassets in Resources */ = {isa = PBXBuildFile; fileRef = 6839EA2D30386BAC006E2AD4 /* Assets.xcassets */; };
		6839EA3630386BCE006E2AD4 /* Version.xcconfig in Resources */ = {isa = PBXBuildFile; fileRef = 6839EA3530386BCE006E2AD4 /* Version.xcconfig */; };
		6839EA3B3038734E006E2AD4 /* Institution.swift in Sources */ = {isa = PBXBuildFile; fileRef = 6839EA3A3038734E006E2AD4 /* Institution.swift */; };
		6839EA3D30387358006E2AD4 /* InstitutionCategory.swift in Sources */ = {isa = PBXBuildFile; fileRef = 6839EA3C30387358006E2AD4 /* InstitutionCategory.swift */; };
		6839EA41303874A2006E2AD4 /* Localizable.xcstrings in Resources */ = {isa = PBXBuildFile; fileRef = 6839EA40303874A2006E2AD4 /* Localizable.xcstrings */; };
		6839EA4530387567006E2AD4 /* InstitutionCategory+Display.swift in Sources */ = {isa = PBXBuildFile; fileRef = 6839EA4430387567006E2AD4 /* InstitutionCategory+Display.swift */; };
/* End PBXBuildFile section */

/* Begin PBXFileReference section */
		6839EA1F30386BA2006E2AD4 /* CatLedger.app */ = {isa = PBXFileReference; explicitFileType = wrapper.application; includeInIndex = 0; path = CatLedger.app; sourceTree = BUILT_PRODUCTS_DIR; };
		6839EA2D30386BAC006E2AD4 /* Assets.xcassets */ = {isa = PBXFileReference; lastKnownFileType = folder.assetcatalog; path = Assets.xcassets; sourceTree = "<group>"; };
		6839EA2E30386BAC006E2AD4 /* CatLedgerApp.swift */ = {isa = PBXFileReference; lastKnownFileType = sourcecode.swift; path = CatLedgerApp.swift; sourceTree = "<group>"; };
		6839EA2F30386BAC006E2AD4 /* ContentView.swift */ = {isa = PBXFileReference; lastKnownFileType = sourcecode.swift; path = ContentView.swift; sourceTree = "<group>"; };
		6839EA3530386BCE006E2AD4 /* Version.xcconfig */ = {isa = PBXFileReference; lastKnownFileType = text.xcconfig; path = Version.xcconfig; sourceTree = "<group>"; };
		6839EA3A3038734E006E2AD4 /* Institution.swift */ = {isa = PBXFileReference; lastKnownFileType = sourcecode.swift; path = Institution.swift; sourceTree = "<group>"; };
		6839EA3C30387358006E2AD4 /* InstitutionCategory.swift */ = {isa = PBXFileReference; lastKnownFileType = sourcecode.swift; path = InstitutionCategory.swift; sourceTree = "<group>"; };
		6839EA40303874A2006E2AD4 /* Localizable.xcstrings */ = {isa = PBXFileReference; lastKnownFileType = text.json.xcstrings; path = Localizable.xcstrings; sourceTree = "<group>"; };
		6839EA4430387567006E2AD4 /* InstitutionCategory+Display.swift */ = {isa = PBXFileReference; lastKnownFileType = sourcecode.swift; path = "InstitutionCategory+Display.swift"; sourceTree = "<group>"; };
/* End PBXFileReference section */

/* Begin PBXFrameworksBuildPhase section */
		6839EA1C30386BA2006E2AD4 /* Frameworks */ = {
			isa = PBXFrameworksBuildPhase;
			buildActionMask = 2147483647;
			files = (
			);
			runOnlyForDeploymentPostprocessing = 0;
		};
/* End PBXFrameworksBuildPhase section */

/* Begin PBXGroup section */
		6839EA1630386BA2006E2AD4 = {
			isa = PBXGroup;
			children = (
				6839EA3030386BAC006E2AD4 /* CatLedger */,
				6839EA2030386BA2006E2AD4 /* Products */,
			);
			sourceTree = "<group>";
		};
		6839EA2030386BA2006E2AD4 /* Products */ = {
			isa = PBXGroup;
			children = (
				6839EA1F30386BA2006E2AD4 /* CatLedger.app */,
			);
			name = Products;
			sourceTree = "<group>";
		};
		6839EA3030386BAC006E2AD4 /* CatLedger */ = {
			isa = PBXGroup;
			children = (
				6839EA3E3038743E006E2AD4 /* App */,
				6839EA37303872F1006E2AD4 /* Features */,
				6839EA4230387543006E2AD4 /* Core */,
				6839EA3430386BAF006E2AD4 /* Resources */,
			);
			path = CatLedger;
			sourceTree = "<group>";
		};
		6839EA3430386BAF006E2AD4 /* Resources */ = {
			isa = PBXGroup;
			children = (
				6839EA3530386BCE006E2AD4 /* Version.xcconfig */,
				6839EA2D30386BAC006E2AD4 /* Assets.xcassets */,
				6839EA40303874A2006E2AD4 /* Localizable.xcstrings */,
			);
			path = Resources;
			sourceTree = "<group>";
		};
		6839EA37303872F1006E2AD4 /* Features */ = {
			isa = PBXGroup;
			children = (
				6839EA38303872FD006E2AD4 /* Institution */,
			);
			path = Features;
			sourceTree = "<group>";
		};
		6839EA38303872FD006E2AD4 /* Institution */ = {
			isa = PBXGroup;
			children = (
				6839EA3930387304006E2AD4 /* Domain */,
			);
			path = Institution;
			sourceTree = "<group>";
		};
		6839EA3930387304006E2AD4 /* Domain */ = {
			isa = PBXGroup;
			children = (
				6839EA3A3038734E006E2AD4 /* Institution.swift */,
				6839EA3C30387358006E2AD4 /* InstitutionCategory.swift */,
			);
			path = Domain;
			sourceTree = "<group>";
		};
		6839EA3E3038743E006E2AD4 /* App */ = {
			isa = PBXGroup;
			children = (
				6839EA2E30386BAC006E2AD4 /* CatLedgerApp.swift */,
				6839EA3F3038745F006E2AD4 /* Presentation */,
			);
			path = App;
			sourceTree = "<group>";
		};
		6839EA3F3038745F006E2AD4 /* Presentation */ = {
			isa = PBXGroup;
			children = (
				6839EA2F30386BAC006E2AD4 /* ContentView.swift */,
			);
			path = Presentation;
			sourceTree = "<group>";
		};
		6839EA4230387543006E2AD4 /* Core */ = {
			isa = PBXGroup;
			children = (
				6839EA4330387552006E2AD4 /* Branding */,
			);
			path = Core;
			sourceTree = "<group>";
		};
		6839EA4330387552006E2AD4 /* Branding */ = {
			isa = PBXGroup;
			children = (
				6839EA4430387567006E2AD4 /* InstitutionCategory+Display.swift */,
			);
			path = Branding;
			sourceTree = "<group>";
		};
/* End PBXGroup section */

/* Begin PBXNativeTarget section */
		6839EA1E30386BA2006E2AD4 /* CatLedger */ = {
			isa = PBXNativeTarget;
			buildConfigurationList = 6839EA2A30386BA4006E2AD4 /* Build configuration list for PBXNativeTarget "CatLedger" */;
			buildPhases = (
				6839EA1B30386BA2006E2AD4 /* Sources */,
				6839EA1C30386BA2006E2AD4 /* Frameworks */,
				6839EA1D30386BA2006E2AD4 /* Resources */,
			);
			buildRules = (
			);
			dependencies = (
			);
			name = CatLedger;
			packageProductDependencies = (
			);
			productName = CatLedger;
			productReference = 6839EA1F30386BA2006E2AD4 /* CatLedger.app */;
			productType = "com.apple.product-type.application";
		};
/* End PBXNativeTarget section */

/* Begin PBXProject section */
		6839EA1730386BA2006E2AD4 /* Project object */ = {
			isa = PBXProject;
			attributes = {
				BuildIndependentTargetsInParallel = 1;
				LastSwiftUpdateCheck = 2660;
				LastUpgradeCheck = 2660;
				TargetAttributes = {
					6839EA1E30386BA2006E2AD4 = {
						CreatedOnToolsVersion = 26.6;
					};
				};
			};
			buildConfigurationList = 6839EA1A30386BA2006E2AD4 /* Build configuration list for PBXProject "CatLedger" */;
			developmentRegion = en;
			hasScannedForEncodings = 0;
			knownRegions = (
				en,
				Base,
			);
			mainGroup = 6839EA1630386BA2006E2AD4;
			minimizedProjectReferenceProxies = 1;
			preferredProjectObjectVersion = 77;
			productRefGroup = 6839EA2030386BA2006E2AD4 /* Products */;
			projectDirPath = "";
			projectRoot = "";
			targets = (
				6839EA1E30386BA2006E2AD4 /* CatLedger */,
			);
		};
/* End PBXProject section */

/* Begin PBXResourcesBuildPhase section */
		6839EA1D30386BA2006E2AD4 /* Resources */ = {
			isa = PBXResourcesBuildPhase;
			buildActionMask = 2147483647;
			files = (
				6839EA3330386BAC006E2AD4 /* Assets.xcassets in Resources */,
				6839EA3630386BCE006E2AD4 /* Version.xcconfig in Resources */,
				6839EA41303874A2006E2AD4 /* Localizable.xcstrings in Resources */,
			);
			runOnlyForDeploymentPostprocessing = 0;
		};
/* End PBXResourcesBuildPhase section */

/* Begin PBXSourcesBuildPhase section */
		6839EA1B30386BA2006E2AD4 /* Sources */ = {
			isa = PBXSourcesBuildPhase;
			buildActionMask = 2147483647;
			files = (
				6839EA3D30387358006E2AD4 /* InstitutionCategory.swift in Sources */,
				6839EA3B3038734E006E2AD4 /* Institution.swift in Sources */,
				6839EA3130386BAC006E2AD4 /* CatLedgerApp.swift in Sources */,
				6839EA3230386BAC006E2AD4 /* ContentView.swift in Sources */,
				6839EA4530387567006E2AD4 /* InstitutionCategory+Display.swift in Sources */,
			);
			runOnlyForDeploymentPostprocessing = 0;
		};
/* End PBXSourcesBuildPhase section */

/* Begin XCBuildConfiguration section */
		6839EA2830386BA4006E2AD4 /* Debug */ = {
			isa = XCBuildConfiguration;
			baseConfigurationReference = 6839EA3530386BCE006E2AD4 /* Version.xcconfig */;
			buildSettings = {
				ALWAYS_SEARCH_USER_PATHS = NO;
				ASSETCATALOG_COMPILER_GENERATE_SWIFT_ASSET_SYMBOL_EXTENSIONS = YES;
				CLANG_ANALYZER_NONNULL = YES;
				CLANG_ANALYZER_NUMBER_OBJECT_CONVERSION = YES_AGGRESSIVE;
				CLANG_CXX_LANGUAGE_STANDARD = "gnu++20";
				CLANG_ENABLE_MODULES = YES;
				CLANG_ENABLE_OBJC_ARC = YES;
				CLANG_ENABLE_OBJC_WEAK = YES;
				CLANG_WARN_BLOCK_CAPTURE_AUTORELEASING = YES;
				CLANG_WARN_BOOL_CONVERSION = YES;
				CLANG_WARN_COMMA = YES;
				CLANG_WARN_CONSTANT_CONVERSION = YES;
				CLANG_WARN_DEPRECATED_OBJC_IMPLEMENTATIONS = YES;
				CLANG_WARN_DIRECT_OBJC_ISA_USAGE = YES_ERROR;
				CLANG_WARN_DOCUMENTATION_COMMENTS = YES;
				CLANG_WARN_EMPTY_BODY = YES;
				CLANG_WARN_ENUM_CONVERSION = YES;
				CLANG_WARN_INFINITE_RECURSION = YES;
				CLANG_WARN_INT_CONVERSION = YES;
				CLANG_WARN_NON_LITERAL_NULL_CONVERSION = YES;
				CLANG_WARN_OBJC_IMPLICIT_RETAIN_SELF = YES;
				CLANG_WARN_OBJC_LITERAL_CONVERSION = YES;
				CLANG_WARN_OBJC_ROOT_CLASS = YES_ERROR;
				CLANG_WARN_QUOTED_INCLUDE_IN_FRAMEWORK_HEADER = YES;
				CLANG_WARN_RANGE_LOOP_ANALYSIS = YES;
				CLANG_WARN_STRICT_PROTOTYPES = YES;
				CLANG_WARN_SUSPICIOUS_MOVE = YES;
				CLANG_WARN_UNGUARDED_AVAILABILITY = YES_AGGRESSIVE;
				CLANG_WARN_UNREACHABLE_CODE = YES;
				CLANG_WARN__DUPLICATE_METHOD_MATCH = YES;
				COPY_PHASE_STRIP = NO;
				DEBUG_INFORMATION_FORMAT = dwarf;
				DEVELOPMENT_TEAM = A9J8B8CPN4;
				ENABLE_STRICT_OBJC_MSGSEND = YES;
				ENABLE_TESTABILITY = YES;
				ENABLE_USER_SCRIPT_SANDBOXING = YES;
				GCC_C_LANGUAGE_STANDARD = gnu17;
				GCC_DYNAMIC_NO_PIC = NO;
				GCC_NO_COMMON_BLOCKS = YES;
				GCC_OPTIMIZATION_LEVEL = 0;
				GCC_PREPROCESSOR_DEFINITIONS = (
					"DEBUG=1",
					"$(inherited)",
				);
				GCC_WARN_64_TO_32_BIT_CONVERSION = YES;
				GCC_WARN_ABOUT_RETURN_TYPE = YES_ERROR;
				GCC_WARN_UNDECLARED_SELECTOR = YES;
				GCC_WARN_UNINITIALIZED_AUTOS = YES_AGGRESSIVE;
				GCC_WARN_UNUSED_FUNCTION = YES;
				GCC_WARN_UNUSED_VARIABLE = YES;
				LOCALIZATION_PREFERS_STRING_CATALOGS = YES;
				MTL_ENABLE_DEBUG_INFO = INCLUDE_SOURCE;
				MTL_FAST_MATH = YES;
				ONLY_ACTIVE_ARCH = YES;
				SWIFT_ACTIVE_COMPILATION_CONDITIONS = "DEBUG $(inherited)";
				SWIFT_EMIT_LOC_STRINGS = YES;
				SWIFT_OPTIMIZATION_LEVEL = "-Onone";
			};
			name = Debug;
		};
		6839EA2930386BA4006E2AD4 /* Release */ = {
			isa = XCBuildConfiguration;
			baseConfigurationReference = 6839EA3530386BCE006E2AD4 /* Version.xcconfig */;
			buildSettings = {
				ALWAYS_SEARCH_USER_PATHS = NO;
				ASSETCATALOG_COMPILER_GENERATE_SWIFT_ASSET_SYMBOL_EXTENSIONS = YES;
				CLANG_ANALYZER_NONNULL = YES;
				CLANG_ANALYZER_NUMBER_OBJECT_CONVERSION = YES_AGGRESSIVE;
				CLANG_CXX_LANGUAGE_STANDARD = "gnu++20";
				CLANG_ENABLE_MODULES = YES;
				CLANG_ENABLE_OBJC_ARC = YES;
				CLANG_ENABLE_OBJC_WEAK = YES;
				CLANG_WARN_BLOCK_CAPTURE_AUTORELEASING = YES;
				CLANG_WARN_BOOL_CONVERSION = YES;
				CLANG_WARN_COMMA = YES;
				CLANG_WARN_CONSTANT_CONVERSION = YES;
				CLANG_WARN_DEPRECATED_OBJC_IMPLEMENTATIONS = YES;
				CLANG_WARN_DIRECT_OBJC_ISA_USAGE = YES_ERROR;
				CLANG_WARN_DOCUMENTATION_COMMENTS = YES;
				CLANG_WARN_EMPTY_BODY = YES;
				CLANG_WARN_ENUM_CONVERSION = YES;
				CLANG_WARN_INFINITE_RECURSION = YES;
				CLANG_WARN_INT_CONVERSION = YES;
				CLANG_WARN_NON_LITERAL_NULL_CONVERSION = YES;
				CLANG_WARN_OBJC_IMPLICIT_RETAIN_SELF = YES;
				CLANG_WARN_OBJC_LITERAL_CONVERSION = YES;
				CLANG_WARN_OBJC_ROOT_CLASS = YES_ERROR;
				CLANG_WARN_QUOTED_INCLUDE_IN_FRAMEWORK_HEADER = YES;
				CLANG_WARN_RANGE_LOOP_ANALYSIS = YES;
				CLANG_WARN_STRICT_PROTOTYPES = YES;
				CLANG_WARN_SUSPICIOUS_MOVE = YES;
				CLANG_WARN_UNGUARDED_AVAILABILITY = YES_AGGRESSIVE;
				CLANG_WARN_UNREACHABLE_CODE = YES;
				CLANG_WARN__DUPLICATE_METHOD_MATCH = YES;
				COPY_PHASE_STRIP = NO;
				DEBUG_INFORMATION_FORMAT = "dwarf-with-dsym";
				DEVELOPMENT_TEAM = A9J8B8CPN4;
				ENABLE_NS_ASSERTIONS = NO;
				ENABLE_STRICT_OBJC_MSGSEND = YES;
				ENABLE_USER_SCRIPT_SANDBOXING = YES;
				GCC_C_LANGUAGE_STANDARD = gnu17;
				GCC_NO_COMMON_BLOCKS = YES;
				GCC_WARN_64_TO_32_BIT_CONVERSION = YES;
				GCC_WARN_ABOUT_RETURN_TYPE = YES_ERROR;
				GCC_WARN_UNDECLARED_SELECTOR = YES;
				GCC_WARN_UNINITIALIZED_AUTOS = YES_AGGRESSIVE;
				GCC_WARN_UNUSED_FUNCTION = YES;
				GCC_WARN_UNUSED_VARIABLE = YES;
				LOCALIZATION_PREFERS_STRING_CATALOGS = YES;
				MTL_ENABLE_DEBUG_INFO = NO;
				MTL_FAST_MATH = YES;
				SWIFT_COMPILATION_MODE = wholemodule;
				SWIFT_EMIT_LOC_STRINGS = YES;
			};
			name = Release;
		};
		6839EA2B30386BA4006E2AD4 /* Debug */ = {
			isa = XCBuildConfiguration;
			buildSettings = {
				ASSETCATALOG_COMPILER_APPICON_NAME = AppIcon;
				ASSETCATALOG_COMPILER_GLOBAL_ACCENT_COLOR_NAME = AccentColor;
				CODE_SIGN_STYLE = Automatic;
				CURRENT_PROJECT_VERSION = 1;
				DEVELOPMENT_TEAM = A9J8B8CPN4;
				ENABLE_APP_SANDBOX = YES;
				ENABLE_HARDENED_RUNTIME = YES;
				ENABLE_PREVIEWS = YES;
				ENABLE_USER_SELECTED_FILES = readonly;
				GENERATE_INFOPLIST_FILE = YES;
				INFOPLIST_KEY_LSApplicationCategoryType = "public.app-category.finance";
				"INFOPLIST_KEY_UIApplicationSceneManifest_Generation[sdk=iphoneos*]" = YES;
				"INFOPLIST_KEY_UIApplicationSceneManifest_Generation[sdk=iphonesimulator*]" = YES;
				"INFOPLIST_KEY_UIApplicationSupportsIndirectInputEvents[sdk=iphoneos*]" = YES;
				"INFOPLIST_KEY_UIApplicationSupportsIndirectInputEvents[sdk=iphonesimulator*]" = YES;
				"INFOPLIST_KEY_UILaunchScreen_Generation[sdk=iphoneos*]" = YES;
				"INFOPLIST_KEY_UILaunchScreen_Generation[sdk=iphonesimulator*]" = YES;
				INFOPLIST_KEY_UIStatusBarStyle = UIStatusBarStyleDarkContent;
				"INFOPLIST_KEY_UIStatusBarStyle[sdk=iphoneos*]" = UIStatusBarStyleDefault;
				"INFOPLIST_KEY_UIStatusBarStyle[sdk=iphonesimulator*]" = UIStatusBarStyleDefault;
				INFOPLIST_KEY_UISupportedInterfaceOrientations_iPad = "UIInterfaceOrientationPortrait UIInterfaceOrientationPortraitUpsideDown UIInterfaceOrientationLandscapeLeft UIInterfaceOrientationLandscapeRight";
				INFOPLIST_KEY_UISupportedInterfaceOrientations_iPhone = "UIInterfaceOrientationPortrait UIInterfaceOrientationLandscapeLeft UIInterfaceOrientationLandscapeRight";
				IPHONEOS_DEPLOYMENT_TARGET = 18.6;
				LD_RUNPATH_SEARCH_PATHS = "@executable_path/Frameworks";
				"LD_RUNPATH_SEARCH_PATHS[sdk=macosx*]" = "@executable_path/../Frameworks";
				MACOSX_DEPLOYMENT_TARGET = 26.4;
				PRODUCT_BUNDLE_IDENTIFIER = com.juliencotte.CatLedger.CatLedger;
				PRODUCT_NAME = "$(TARGET_NAME)";
				REGISTER_APP_GROUPS = YES;
				SDKROOT = auto;
				STRING_CATALOG_GENERATE_SYMBOLS = YES;
				SUPPORTED_PLATFORMS = "iphoneos iphonesimulator macosx xros xrsimulator";
				SWIFT_APPROACHABLE_CONCURRENCY = YES;
				SWIFT_DEFAULT_ACTOR_ISOLATION = MainActor;
				SWIFT_EMIT_LOC_STRINGS = YES;
				SWIFT_UPCOMING_FEATURE_MEMBER_IMPORT_VISIBILITY = YES;
				SWIFT_VERSION = 5.0;
				TARGETED_DEVICE_FAMILY = "1,2,7";
				XROS_DEPLOYMENT_TARGET = 26.5;
			};
			name = Debug;
		};
		6839EA2C30386BA4006E2AD4 /* Release */ = {
			isa = XCBuildConfiguration;
			buildSettings = {
				ASSETCATALOG_COMPILER_APPICON_NAME = AppIcon;
				ASSETCATALOG_COMPILER_GLOBAL_ACCENT_COLOR_NAME = AccentColor;
				CODE_SIGN_STYLE = Automatic;
				CURRENT_PROJECT_VERSION = 1;
				DEVELOPMENT_TEAM = A9J8B8CPN4;
				ENABLE_APP_SANDBOX = YES;
				ENABLE_HARDENED_RUNTIME = YES;
				ENABLE_PREVIEWS = YES;
				ENABLE_USER_SELECTED_FILES = readonly;
				GENERATE_INFOPLIST_FILE = YES;
				INFOPLIST_KEY_LSApplicationCategoryType = "public.app-category.finance";
				"INFOPLIST_KEY_UIApplicationSceneManifest_Generation[sdk=iphoneos*]" = YES;
				"INFOPLIST_KEY_UIApplicationSceneManifest_Generation[sdk=iphonesimulator*]" = YES;
				"INFOPLIST_KEY_UIApplicationSupportsIndirectInputEvents[sdk=iphoneos*]" = YES;
				"INFOPLIST_KEY_UIApplicationSupportsIndirectInputEvents[sdk=iphonesimulator*]" = YES;
				"INFOPLIST_KEY_UILaunchScreen_Generation[sdk=iphoneos*]" = YES;
				"INFOPLIST_KEY_UILaunchScreen_Generation[sdk=iphonesimulator*]" = YES;
				INFOPLIST_KEY_UIStatusBarStyle = UIStatusBarStyleDarkContent;
				"INFOPLIST_KEY_UIStatusBarStyle[sdk=iphoneos*]" = UIStatusBarStyleDefault;
				"INFOPLIST_KEY_UIStatusBarStyle[sdk=iphonesimulator*]" = UIStatusBarStyleDefault;
				INFOPLIST_KEY_UISupportedInterfaceOrientations_iPad = "UIInterfaceOrientationPortrait UIInterfaceOrientationPortraitUpsideDown UIInterfaceOrientationLandscapeLeft UIInterfaceOrientationLandscapeRight";
				INFOPLIST_KEY_UISupportedInterfaceOrientations_iPhone = "UIInterfaceOrientationPortrait UIInterfaceOrientationLandscapeLeft UIInterfaceOrientationLandscapeRight";
				IPHONEOS_DEPLOYMENT_TARGET = 18.6;
				LD_RUNPATH_SEARCH_PATHS = "@executable_path/Frameworks";
				"LD_RUNPATH_SEARCH_PATHS[sdk=macosx*]" = "@executable_path/../Frameworks";
				MACOSX_DEPLOYMENT_TARGET = 26.4;
				PRODUCT_BUNDLE_IDENTIFIER = com.juliencotte.CatLedger.CatLedger;
				PRODUCT_NAME = "$(TARGET_NAME)";
				REGISTER_APP_GROUPS = YES;
				SDKROOT = auto;
				STRING_CATALOG_GENERATE_SYMBOLS = YES;
				SUPPORTED_PLATFORMS = "iphoneos iphonesimulator macosx xros xrsimulator";
				SWIFT_APPROACHABLE_CONCURRENCY = YES;
				SWIFT_DEFAULT_ACTOR_ISOLATION = MainActor;
				SWIFT_EMIT_LOC_STRINGS = YES;
				SWIFT_UPCOMING_FEATURE_MEMBER_IMPORT_VISIBILITY = YES;
				SWIFT_VERSION = 5.0;
				TARGETED_DEVICE_FAMILY = "1,2,7";
				XROS_DEPLOYMENT_TARGET = 26.5;
			};
			name = Release;
		};
/* End XCBuildConfiguration section */

/* Begin XCConfigurationList section */
		6839EA1A30386BA2006E2AD4 /* Build configuration list for PBXProject "CatLedger" */ = {
			isa = XCConfigurationList;
			buildConfigurations = (
				6839EA2830386BA4006E2AD4 /* Debug */,
				6839EA2930386BA4006E2AD4 /* Release */,
			);
			defaultConfigurationIsVisible = 0;
			defaultConfigurationName = Release;
		};
		6839EA2A30386BA4006E2AD4 /* Build configuration list for PBXNativeTarget "CatLedger" */ = {
			isa = XCConfigurationList;
			buildConfigurations = (
				6839EA2B30386BA4006E2AD4 /* Debug */,
				6839EA2C30386BA4006E2AD4 /* Release */,
			);
			defaultConfigurationIsVisible = 0;
			defaultConfigurationName = Release;
		};
/* End XCConfigurationList section */
	};
	rootObject = 6839EA1730386BA2006E2AD4 /* Project object */;
}
